// !$*UTF8*$!
{
	archiveVersion = 1;
	classes = {
	};
	objectVersion = 50;
	objects = {

/* Begin PBXBuildFile section */
		FC2D0C8B20A5B38F00C6DDA6 /* AppDelegate.swift in Sources */ = {isa = PBXBuildFile; fileRef = FC2D0C8A20A5B38F00C6DDA6 /* AppDelegate.swift */; };
		FC2D0C8D20A5B38F00C6DDA6 /* ViewController.swift in Sources */ = {isa = PBXBuildFile; fileRef = FC2D0C8C20A5B38F00C6DDA6 /* ViewController.swift */; };
		FC2D0C9020A5B38F00C6DDA6 /* Main.storyboard in Resources */ = {isa = PBXBuildFile; fileRef = FC2D0C8E20A5B38F00C6DDA6 /* Main.storyboard */; };
		FC2D0C9220A5B39000C6DDA6 /* Assets.xcassets in Resources */ = {isa = PBXBuildFile; fileRef = FC2D0C9120A5B39000C6DDA6 /* Assets.xcassets */; };
		FC2D0C9520A5B39000C6DDA6 /* LaunchScreen.storyboard in Resources */ = {isa = PBXBuildFile; fileRef = FC2D0C9320A5B39000C6DDA6 /* LaunchScreen.storyboard */; };
/* End PBXBuildFile section */

/* Begin PBXFileReference section */
		FC2D0C8720A5B38F00C6DDA6 /* ARC.app */ = {isa = PBXFileReference; explicitFileType = wrapper.application; includeInIndex = 0; path = ARC.app; sourceTree = BUILT_PRODUCTS_DIR; };
		FC2D0C8A20A5B38F00C6DDA6 /* AppDelegate.swift */ = {isa = PBXFileReference; lastKnownFileType = sourcecode.swift; path = AppDelegate.swift; sourceTree = "<group>"; };
		FC2D0C8C20A5B38F00C6DDA6 /* ViewController.swift */ = {isa = PBXFileReference; lastKnownFileType = sourcecode.swift; path = ViewController.swift; sourceTree = "<group>"; };
		FC2D0C8F20A5B38F00C6DDA6 /* Base */ = {isa = PBXFileReference; lastKnownFileType = file.storyboard; name = Base; path = Base.lproj/Main.storyboard; sourceTree = "<group>"; };
		FC2D0C9120A5B39000C6DDA6 /* Assets.xcassets */ = {isa = PBXFileReference; lastKnownFileType = folder.assetcatalog; path = Assets.xcassets; sourceTree = "<group>"; };
		FC2D0C9420A5B39000C6DDA6 /* Base */ = {isa = PBXFileReference; lastKnownFileType = file.storyboard; name = Base; path = Base.lproj/LaunchScreen.storyboard; sourceTree = "<group>"; };
		FC2D0C9620A5B39000C6DDA6 /* Info.plist */ = {isa = PBXFileReference; lastKnownFileType = text.plist.xml; path = Info.plist; sourceTree = "<group>"; };
/* End PBXFileReference section */

/* Begin PBXFrameworksBuildPhase section */
		FC2D0C8420A5B38F00C6DDA6 /* Frameworks */ = {
			isa = PBXFrameworksBuildPhase;
			buildActionMask = 2147483647;
			files = (
			);
			runOnlyForDeploymentPostprocessing = 0;
		};
/* End PBXFrameworksBuildPhase section */

/* Begin PBXGroup section */
		FC2D0C7E20A5B38F00C6DDA6 = {
			isa = PBXGroup;
			children = (
				FC2D0C8920A5B38F00C6DDA6 /* ARC */,
				FC2D0C8820A5B38F00C6DDA6 /* Products */,
			);
			sourceTree = "<group>";
		};
		FC2D0C8820A5B38F00C6DDA6 /* Products */ = {
			isa = PBXGroup;
			children = (
				FC2D0C8720A5B38F00C6DDA6 /* ARC.app */,
			);
			name = Products;
			sourceTree = "<group>";
		};
		FC2D0C8920A5B38F00C6DDA6 /* ARC */ = {
			isa = PBXGroup;
			children = (
				FC2D0C8A20A5B38F00C6DDA6 /* AppDelegate.swift */,
				FC2D0C8C20A5B38F00C6DDA6 /* ViewController.swift */,
				FC2D0C8E20A5B38F00C6DDA6 /* Main.storyboard */,
				FC2D0C9120A5B39000C6DDA6 /* Assets.xcassets */,
				FC2D0C9320A5B39000C6DDA6 /* LaunchScreen.storyboard */,
				FC2D0C9620A5B39000C6DDA6 /* Info.plist */,
			);
			path = ARC;
			sourceTree = "<group>";
		};
/* End PBXGroup section */

/* Begin PBXNativeTarget section */
		FC2D0C8620A5B38F00C6DDA6 /* ARC */ = {
			isa = PBXNativeTarget;
			buildConfigurationList = FC2D0C9920A5B39000C6DDA6 /* Build configuration list for PBXNativeTarget "ARC" */;
			buildPhases = (
				FC2D0C8320A5B38F00C6DDA6 /* Sources */,
				FC2D0C8420A5B38F00C6DDA6 /* Frameworks */,
				FC2D0C8520A5B38F00C6DDA6 /* Resources */,
			);
			buildRules = (
			);
			dependencies = (
			);
			name = ARC;
			productName = ARC;
			productReference = FC2D0C8720A5B38F00C6DDA6 /* ARC.app */;
			productType = "com.apple.product-type.application";
		};
/* End PBXNativeTarget section */

/* Begin PBXProject section */
		FC2D0C7F20A5B38F00C6DDA6 /* Project object */ = {
			isa = PBXProject;
			attributes = {
				LastSwiftUpdateCheck = 0930;
				LastUpgradeCheck = 0930;
				ORGANIZATIONNAME = "이광용";
				TargetAttributes = {
					FC2D0C8620A5B38F00C6DDA6 = {
						CreatedOnToolsVersion = 9.3;
					};
				};
			};
			buildConfigurationList = FC2D0C8220A5B38F00C6DDA6 /* Build configuration list for PBXProject "ARC" */;
			compatibilityVersion = "Xcode 9.3";
			developmentRegion = en;
			hasScannedForEncodings = 0;
			knownRegions = (
				en,
				Base,
			);
			mainGroup = FC2D0C7E20A5B38F00C6DDA6;
			productRefGroup = FC2D0C8820A5B38F00C6DDA6 /* Products */;
			projectDirPath = "";
			projectRoot = "";
			targets = (
				FC2D0C8620A5B38F00C6DDA6 /* ARC */,
			);
		};
/* End PBXProject section */

/* Begin PBXResourcesBuildPhase section */
		FC2D0C8520A5B38F00C6DDA6 /* Resources */ = {
			isa = PBXResourcesBuildPhase;
			buildActionMask = 2147483647;
			files = (
				FC2D0C9520A5B39000C6DDA6 /* LaunchScreen.storyboard in Resources */,
				FC2D0C9220A5B39000C6DDA6 /* Assets.xcassets in Resources */,
				FC2D0C9020A5B38F00C6DDA6 /* Main.storyboard in Resources */,
			);
			runOnlyForDeploymentPostprocessing = 0;
		};
/* End PBXResourcesBuildPhase section */

/* Begin PBXSourcesBuildPhase section */
		FC2D0C8320A5B38F00C6DDA6 /* Sources */ = {
			isa = PBXSourcesBuildPhase;
			buildActionMask = 2147483647;
			files = (
				FC2D0C8D20A5B38F00C6DDA6 /* ViewController.swift in Sources */,
				FC2D0C8B20A5B38F00C6DDA6 /* AppDelegate.swift in Sources */,
			);
			runOnlyForDeploymentPostprocessing = 0;
		};
/* End PBXSourcesBuildPhase section */

/* Begin PBXVariantGroup section */
		FC2D0C8E20A5B38F00C6DDA6 /* Main.storyboard */ = {
			isa = PBXVariantGroup;
			children = (
				FC2D0C8F20A5B38F00C6DDA6 /* Base */,
			);
			name = Main.storyboard;
			sourceTree = "<group>";
		};
		FC2D0C9320A5B39000C6DDA6 /* LaunchScreen.storyboard */ = {
			isa = PBXVariantGroup;
			children = (
				FC2D0C9420A5B39000C6DDA6 /* Base */,
			);
			name = LaunchScreen.storyboard;
			sourceTree = "<group>";
		};
/* End PBXVariantGroup section */

/* Begin XCBuildConfiguration section */
		FC2D0C9720A5B39000C6DDA6 /* Debug */ = {
			isa = XCBuildConfiguration;
			buildSettings = {
				ALWAYS_SEARCH_USER_PATHS = NO;
				CLANG_ANALYZER_NONNULL = YES;
				CLANG_ANALYZER_NUMBER_OBJECT_CONVERSION = YES_AGGRESSIVE;
				CLANG_CXX_LANGUAGE_STANDARD = "gnu++14";
				CLANG_CXX_LIBRARY = "libc++";
				CLANG_ENABLE_MODULES = YES;
				CLANG_ENABLE_OBJC_ARC = YES;
				CLANG_ENABLE_OBJC_WEAK = YES;
				CLANG_WARN_BLOCK_CAPTURE_AUTORELEASING = YES;
				CLANG_WARN_BOOL_CONVERSION = YES;
				CLANG_WARN_COMMA = YES;
				CLANG_WARN_CONSTANT_CONVERSION = YES;
				CLANG_WARN_DEPRECATED_OBJC_IMPLEMENTATIONS = YES;
				CLANG_WARN_DIRECT_OBJC_ISA_USAGE = YES_ERROR;
				CLANG_WARN_DOCUMENTATION_COMMENTS = YES;
				CLANG_WARN_EMPTY_BODY = YES;
				CLANG_WARN_ENUM_CONVERSION = YES;
				CLANG_WARN_INFINITE_RECURSION = YES;
				CLANG_WARN_INT_CONVERSION = YES;
				CLANG_WARN_NON_LITERAL_NULL_CONVERSION = YES;
				CLANG_WARN_OBJC_IMPLICIT_RETAIN_SELF = YES;
				CLANG_WARN_OBJC_LITERAL_CONVERSION = YES;
				CLANG_WARN_OBJC_ROOT_CLASS = YES_ERROR;
				CLANG_WARN_RANGE_LOOP_ANALYSIS = YES;
				CLANG_WARN_STRICT_PROTOTYPES = YES;
				CLANG_WARN_SUSPICIOUS_MOVE = YES;
				CLANG_WARN_UNGUARDED_AVAILABILITY = YES_AGGRESSIVE;
				CLANG_WARN_UNREACHABLE_CODE = YES;
				CLANG_WARN__DUPLICATE_METHOD_MATCH = YES;
				CODE_SIGN_IDENTITY = "iPhone Developer";
				COPY_PHASE_STRIP = NO;
				DEBUG_INFORMATION_FORMAT = dwarf;
				ENABLE_STRICT_OBJC_MSGSEND = YES;
				ENABLE_TESTABILITY = YES;
				GCC_C_LANGUAGE_STANDARD = gnu11;
				GCC_DYNAMIC_NO_PIC = NO;
				GCC_NO_COMMON_BLOCKS = YES;
				GCC_OPTIMIZATION_LEVEL = 0;
				GCC_PREPROCESSOR_DEFINITIONS = (
					"DEBUG=1",
					"$(inherited)",
				);
				GCC_WARN_64_TO_32_BIT_CONVERSION = YES;
				GCC_WARN_ABOUT_RETURN_TYPE = YES_ERROR;
				GCC_WARN_UNDECLARED_SELECTOR = YES;
				GCC_WARN_UNINITIALIZED_AUTOS = YES_AGGRESSIVE;
				GCC_WARN_UNUSED_FUNCTION = YES;
				GCC_WARN_UNUSED_VARIABLE = YES;
				IPHONEOS_DEPLOYMENT_TARGET = 11.3;
				MTL_ENABLE_DEBUG_INFO = YES;
				ONLY_ACTIVE_ARCH = YES;
				SDKROOT = iphoneos;
				SWIFT_ACTIVE_COMPILATION_CONDITIONS = DEBUG;
				SWIFT_OPTIMIZATION_LEVEL = "-Onone";
			};
			name = Debug;
		};
		FC2D0C9820A5B39000C6DDA6 /* Release */ = {
			isa = XCBuildConfiguration;
			buildSettings = {
				ALWAYS_SEARCH_USER_PATHS = NO;
				CLANG_ANALYZER_NONNULL = YES;
				CLANG_ANALYZER_NUMBER_OBJECT_CONVERSION = YES_AGGRESSIVE;
				CLANG_CXX_LANGUAGE_STANDARD = "gnu++14";
				CLANG_CXX_LIBRARY = "libc++";
				CLANG_ENABLE_MODULES = YES;
				CLANG_ENABLE_OBJC_ARC = YES;
				CLANG_ENABLE_OBJC_WEAK = YES;
				CLANG_WARN_BLOCK_CAPTURE_AUTORELEASING = YES;
				CLANG_WARN_BOOL_CONVERSION = YES;
				CLANG_WARN_COMMA = YES;
				CLANG_WARN_CONSTANT_CONVERSION = YES;
				CLANG_WARN_DEPRECATED_OBJC_IMPLEMENTATIONS = YES;
				CLANG_WARN_DIRECT_OBJC_ISA_USAGE = YES_ERROR;
				CLANG_WARN_DOCUMENTATION_COMMENTS = YES;
				CLANG_WARN_EMPTY_BODY = YES;
				CLANG_WARN_ENUM_CONVERSION = YES;
				CLANG_WARN_INFINITE_RECURSION = YES;
				CLANG_WARN_INT_CONVERSION = YES;
				CLANG_WARN_NON_LITERAL_NULL_CONVERSION = YES;
				CLANG_WARN_OBJC_IMPLICIT_RETAIN_SELF = YES;
				CLANG_WARN_OBJC_LITERAL_CONVERSION = YES;
				CLANG_WARN_OBJC_ROOT_CLASS = YES_ERROR;
				CLANG_WARN_RANGE_LOOP_ANALYSIS = YES;
				CLANG_WARN_STRICT_PROTOTYPES = YES;
				CLANG_WARN_SUSPICIOUS_MOVE = YES;
				CLANG_WARN_UNGUARDED_AVAILABILITY = YES_AGGRESSIVE;
				CLANG_WARN_UNREACHABLE_CODE = YES;
				CLANG_WARN__DUPLICATE_METHOD_MATCH = YES;
				CODE_SIGN_IDENTITY = "iPhone Developer";
				COPY_PHASE_STRIP = NO;
				DEBUG_INFORMATION_FORMAT = "dwarf-with-dsym";
				ENABLE_NS_ASSERTIONS = NO;
				ENABLE_STRICT_OBJC_MSGSEND = YES;
				GCC_C_LANGUAGE_STANDARD = gnu11;
				GCC_NO_COMMON_BLOCKS = YES;
				GCC_WARN_64_TO_32_BIT_CONVERSION = YES;
				GCC_WARN_ABOUT_RETURN_TYPE = YES_ERROR;
				GCC_WARN_UNDECLARED_SELECTOR = YES;
				GCC_WARN_UNINITIALIZED_AUTOS = YES_AGGRESSIVE;
				GCC_WARN_UNUSED_FUNCTION = YES;
				GCC_WARN_UNUSED_VARIABLE = YES;
				IPHONEOS_DEPLOYMENT_TARGET = 11.3;
				MTL_ENABLE_DEBUG_INFO = NO;
				SDKROOT = iphoneos;
				SWIFT_COMPILATION_MODE = wholemodule;
				SWIFT_OPTIMIZATION_LEVEL = "-O";
				VALIDATE_PRODUCT = YES;
			};
			name = Release;
		};
		FC2D0C9A20A5B39000C6DDA6 /* Debug */ = {
			isa = XCBuildConfiguration;
			buildSettings = {
				ASSETCATALOG_COMPILER_APPICON_NAME = AppIcon;
				CODE_SIGN_STYLE = Automatic;
				DEVELOPMENT_TEAM = EPWV8KDDJE;
				INFOPLIST_FILE = ARC/Info.plist;
				LD_RUNPATH_SEARCH_PATHS = (
					"$(inherited)",
					"@executable_path/Frameworks",
				);
				PRODUCT_BUNDLE_IDENTIFIER = com.LeeGwangYong.ARC;
				PRODUCT_NAME = "$(TARGET_NAME)";
				SWIFT_VERSION = 4.0;
				TARGETED_DEVICE_FAMILY = "1,2";
			};
			name = Debug;
		};
		FC2D0C9B20A5B39000C6DDA6 /* Release */ = {
			isa = XCBuildConfiguration;
			buildSettings = {
				ASSETCATALOG_COMPILER_APPICON_NAME = AppIcon;
				CODE_SIGN_STYLE = Automatic;
				DEVELOPMENT_TEAM = EPWV8KDDJE;
				INFOPLIST_FILE = ARC/Info.plist;
				LD_RUNPATH_SEARCH_PATHS = (
					"$(inherited)",
					"@executable_path/Frameworks",
				);
				PRODUCT_BUNDLE_IDENTIFIER = com.LeeGwangYong.ARC;
				PRODUCT_NAME = "$(TARGET_NAME)";
				SWIFT_VERSION = 4.0;
				TARGETED_DEVICE_FAMILY = "1,2";
			};
			name = Release;
		};
/* End XCBuildConfiguration section */

/* Begin XCConfigurationList section */
		FC2D0C8220A5B38F00C6DDA6 /* Build configuration list for PBXProject "ARC" */ = {
			isa = XCConfigurationList;
			buildConfigurations = (
				FC2D0C9720A5B39000C6DDA6 /* Debug */,
				FC2D0C9820A5B39000C6DDA6 /* Release */,
			);
			defaultConfigurationIsVisible = 0;
			defaultConfigurationName = Release;
		};
		FC2D0C9920A5B39000C6DDA6 /* Build configuration list for PBXNativeTarget "ARC" */ = {
			isa = XCConfigurationList;
			buildConfigurations = (
				FC2D0C9A20A5B39000C6DDA6 /* Debug */,
				FC2D0C9B20A5B39000C6DDA6 /* Release */,
			);
			defaultConfigurationIsVisible = 0;
			defaultConfigurationName = Release;
		};
/* End XCConfigurationList section */
	};
	rootObject = FC2D0C7F20A5B38F00C6DDA6 /* Project object */;
}
