// !$*UTF8*$!
{
	archiveVersion = 1;
	classes = {
	};
	objectVersion = 50;
	objects = {

/* Begin PBXBuildFile section */
		7CC92658748962C033067E2F /* Pods_Network.framework in Frameworks */ = {isa = PBXBuildFile; fileRef = 639C7794DABA1A2469A77CA4 /* Pods_Network.framework */; };
		FC376E15210237A20092A6EE /* AppDelegate.swift in Sources */ = {isa = PBXBuildFile; fileRef = FC376E14210237A20092A6EE /* AppDelegate.swift */; };
		FC376E17210237A20092A6EE /* ViewController.swift in Sources */ = {isa = PBXBuildFile; fileRef = FC376E16210237A20092A6EE /* ViewController.swift */; };
		FC376E1A210237A20092A6EE /* Main.storyboard in Resources */ = {isa = PBXBuildFile; fileRef = FC376E18210237A20092A6EE /* Main.storyboard */; };
		FC376E1C210237A30092A6EE /* Assets.xcassets in Resources */ = {isa = PBXBuildFile; fileRef = FC376E1B210237A30092A6EE /* Assets.xcassets */; };
		FC376E1F210237A30092A6EE /* LaunchScreen.storyboard in Resources */ = {isa = PBXBuildFile; fileRef = FC376E1D210237A30092A6EE /* LaunchScreen.storyboard */; };
		FC376E2B210238FD0092A6EE /* GithubAPI.swift in Sources */ = {isa = PBXBuildFile; fileRef = FC376E2A210238FD0092A6EE /* GithubAPI.swift */; };
		FC376E2D21023EA10092A6EE /* TargetType.swift in Sources */ = {isa = PBXBuildFile; fileRef = FC376E2C21023EA10092A6EE /* TargetType.swift */; };
		FC376E2F21023ED60092A6EE /* Task.swift in Sources */ = {isa = PBXBuildFile; fileRef = FC376E2E21023ED60092A6EE /* Task.swift */; };
		FC376E3121023F080092A6EE /* ValidationType.swift in Sources */ = {isa = PBXBuildFile; fileRef = FC376E3021023F080092A6EE /* ValidationType.swift */; };
/* End PBXBuildFile section */

/* Begin PBXFileReference section */
		639C7794DABA1A2469A77CA4 /* Pods_Network.framework */ = {isa = PBXFileReference; explicitFileType = wrapper.framework; includeInIndex = 0; path = Pods_Network.framework; sourceTree = BUILT_PRODUCTS_DIR; };
		DF5AFB25B52B4C30EB126ED7 /* Pods-Network.release.xcconfig */ = {isa = PBXFileReference; includeInIndex = 1; lastKnownFileType = text.xcconfig; name = "Pods-Network.release.xcconfig"; path = "Pods/Target Support Files/Pods-Network/Pods-Network.release.xcconfig"; sourceTree = "<group>"; };
		E76EA21968B2F2F676308F43 /* Pods-Network.debug.xcconfig */ = {isa = PBXFileReference; includeInIndex = 1; lastKnownFileType = text.xcconfig; name = "Pods-Network.debug.xcconfig"; path = "Pods/Target Support Files/Pods-Network/Pods-Network.debug.xcconfig"; sourceTree = "<group>"; };
		FC376E11210237A20092A6EE /* Network.app */ = {isa = PBXFileReference; explicitFileType = wrapper.application; includeInIndex = 0; path = Network.app; sourceTree = BUILT_PRODUCTS_DIR; };
		FC376E14210237A20092A6EE /* AppDelegate.swift */ = {isa = PBXFileReference; lastKnownFileType = sourcecode.swift; path = AppDelegate.swift; sourceTree = "<group>"; };
		FC376E16210237A20092A6EE /* ViewController.swift */ = {isa = PBXFileReference; lastKnownFileType = sourcecode.swift; path = ViewController.swift; sourceTree = "<group>"; };
		FC376E19210237A20092A6EE /* Base */ = {isa = PBXFileReference; lastKnownFileType = file.storyboard; name = Base; path = Base.lproj/Main.storyboard; sourceTree = "<group>"; };
		FC376E1B210237A30092A6EE /* Assets.xcassets */ = {isa = PBXFileReference; lastKnownFileType = folder.assetcatalog; path = Assets.xcassets; sourceTree = "<group>"; };
		FC376E1E210237A30092A6EE /* Base */ = {isa = PBXFileReference; lastKnownFileType = file.storyboard; name = Base; path = Base.lproj/LaunchScreen.storyboard; sourceTree = "<group>"; };
		FC376E20210237A30092A6EE /* Info.plist */ = {isa = PBXFileReference; lastKnownFileType = text.plist.xml; path = Info.plist; sourceTree = "<group>"; };
		FC376E2A210238FD0092A6EE /* GithubAPI.swift */ = {isa = PBXFileReference; lastKnownFileType = sourcecode.swift; path = GithubAPI.swift; sourceTree = "<group>"; };
		FC376E2C21023EA10092A6EE /* TargetType.swift */ = {isa = PBXFileReference; lastKnownFileType = sourcecode.swift; path = TargetType.swift; sourceTree = "<group>"; };
		FC376E2E21023ED60092A6EE /* Task.swift */ = {isa = PBXFileReference; lastKnownFileType = sourcecode.swift; path = Task.swift; sourceTree = "<group>"; };
		FC376E3021023F080092A6EE /* ValidationType.swift */ = {isa = PBXFileReference; lastKnownFileType = sourcecode.swift; path = ValidationType.swift; sourceTree = "<group>"; };
/* End PBXFileReference section */

/* Begin PBXFrameworksBuildPhase section */
		FC376E0E210237A20092A6EE /* Frameworks */ = {
			isa = PBXFrameworksBuildPhase;
			buildActionMask = 2147483647;
			files = (
				7CC92658748962C033067E2F /* Pods_Network.framework in Frameworks */,
			);
			runOnlyForDeploymentPostprocessing = 0;
		};
/* End PBXFrameworksBuildPhase section */

/* Begin PBXGroup section */
		BBDEB9404C9CB5FCFB5B5219 /* Pods */ = {
			isa = PBXGroup;
			children = (
				E76EA21968B2F2F676308F43 /* Pods-Network.debug.xcconfig */,
				DF5AFB25B52B4C30EB126ED7 /* Pods-Network.release.xcconfig */,
			);
			name = Pods;
			sourceTree = "<group>";
		};
		D2B5AD3D4349FF2745F00C25 /* Frameworks */ = {
			isa = PBXGroup;
			children = (
				639C7794DABA1A2469A77CA4 /* Pods_Network.framework */,
			);
			name = Frameworks;
			sourceTree = "<group>";
		};
		FC376E08210237A20092A6EE = {
			isa = PBXGroup;
			children = (
				FC376E13210237A20092A6EE /* Network */,
				FC376E12210237A20092A6EE /* Products */,
				BBDEB9404C9CB5FCFB5B5219 /* Pods */,
				D2B5AD3D4349FF2745F00C25 /* Frameworks */,
			);
			sourceTree = "<group>";
		};
		FC376E12210237A20092A6EE /* Products */ = {
			isa = PBXGroup;
			children = (
				FC376E11210237A20092A6EE /* Network.app */,
			);
			name = Products;
			sourceTree = "<group>";
		};
		FC376E13210237A20092A6EE /* Network */ = {
			isa = PBXGroup;
			children = (
				FC376E262102384D0092A6EE /* NetworkService */,
				FC376E14210237A20092A6EE /* AppDelegate.swift */,
				FC376E16210237A20092A6EE /* ViewController.swift */,
				FC376E18210237A20092A6EE /* Main.storyboard */,
				FC376E1B210237A30092A6EE /* Assets.xcassets */,
				FC376E1D210237A30092A6EE /* LaunchScreen.storyboard */,
				FC376E20210237A30092A6EE /* Info.plist */,
			);
			path = Network;
			sourceTree = "<group>";
		};
		FC376E262102384D0092A6EE /* NetworkService */ = {
			isa = PBXGroup;
			children = (
				FC376E2A210238FD0092A6EE /* GithubAPI.swift */,
				FC376E2C21023EA10092A6EE /* TargetType.swift */,
				FC376E2E21023ED60092A6EE /* Task.swift */,
				FC376E3021023F080092A6EE /* ValidationType.swift */,
			);
			path = NetworkService;
			sourceTree = "<group>";
		};
/* End PBXGroup section */

/* Begin PBXNativeTarget section */
		FC376E10210237A20092A6EE /* Network */ = {
			isa = PBXNativeTarget;
			buildConfigurationList = FC376E23210237A30092A6EE /* Build configuration list for PBXNativeTarget "Network" */;
			buildPhases = (
				CD12335245CE73A468817E6B /* [CP] Check Pods Manifest.lock */,
				FC376E0D210237A20092A6EE /* Sources */,
				FC376E0E210237A20092A6EE /* Frameworks */,
				FC376E0F210237A20092A6EE /* Resources */,
				4D626A33D636937E8EC99A7E /* [CP] Embed Pods Frameworks */,
			);
			buildRules = (
			);
			dependencies = (
			);
			name = Network;
			productName = Network;
			productReference = FC376E11210237A20092A6EE /* Network.app */;
			productType = "com.apple.product-type.application";
		};
/* End PBXNativeTarget section */

/* Begin PBXProject section */
		FC376E09210237A20092A6EE /* Project object */ = {
			isa = PBXProject;
			attributes = {
				LastSwiftUpdateCheck = 0940;
				LastUpgradeCheck = 0940;
				ORGANIZATIONNAME = "이광용";
				TargetAttributes = {
					FC376E10210237A20092A6EE = {
						CreatedOnToolsVersion = 9.4.1;
					};
				};
			};
			buildConfigurationList = FC376E0C210237A20092A6EE /* Build configuration list for PBXProject "Network" */;
			compatibilityVersion = "Xcode 9.3";
			developmentRegion = en;
			hasScannedForEncodings = 0;
			knownRegions = (
				en,
				Base,
			);
			mainGroup = FC376E08210237A20092A6EE;
			productRefGroup = FC376E12210237A20092A6EE /* Products */;
			projectDirPath = "";
			projectRoot = "";
			targets = (
				FC376E10210237A20092A6EE /* Network */,
			);
		};
/* End PBXProject section */

/* Begin PBXResourcesBuildPhase section */
		FC376E0F210237A20092A6EE /* Resources */ = {
			isa = PBXResourcesBuildPhase;
			buildActionMask = 2147483647;
			files = (
				FC376E1F210237A30092A6EE /* LaunchScreen.storyboard in Resources */,
				FC376E1C210237A30092A6EE /* Assets.xcassets in Resources */,
				FC376E1A210237A20092A6EE /* Main.storyboard in Resources */,
			);
			runOnlyForDeploymentPostprocessing = 0;
		};
/* End PBXResourcesBuildPhase section */

/* Begin PBXShellScriptBuildPhase section */
		4D626A33D636937E8EC99A7E /* [CP] Embed Pods Frameworks */ = {
			isa = PBXShellScriptBuildPhase;
			buildActionMask = 2147483647;
			files = (
			);
			inputPaths = (
				"${SRCROOT}/Pods/Target Support Files/Pods-Network/Pods-Network-frameworks.sh",
				"${BUILT_PRODUCTS_DIR}/Alamofire/Alamofire.framework",
			);
			name = "[CP] Embed Pods Frameworks";
			outputPaths = (
				"${TARGET_BUILD_DIR}/${FRAMEWORKS_FOLDER_PATH}/Alamofire.framework",
			);
			runOnlyForDeploymentPostprocessing = 0;
			shellPath = /bin/sh;
			shellScript = "\"${SRCROOT}/Pods/Target Support Files/Pods-Network/Pods-Network-frameworks.sh\"\n";
			showEnvVarsInLog = 0;
		};
		CD12335245CE73A468817E6B /* [CP] Check Pods Manifest.lock */ = {
			isa = PBXShellScriptBuildPhase;
			buildActionMask = 2147483647;
			files = (
			);
			inputPaths = (
				"${PODS_PODFILE_DIR_PATH}/Podfile.lock",
				"${PODS_ROOT}/Manifest.lock",
			);
			name = "[CP] Check Pods Manifest.lock";
			outputPaths = (
				"$(DERIVED_FILE_DIR)/Pods-Network-checkManifestLockResult.txt",
			);
			runOnlyForDeploymentPostprocessing = 0;
			shellPath = /bin/sh;
			shellScript = "diff \"${PODS_PODFILE_DIR_PATH}/Podfile.lock\" \"${PODS_ROOT}/Manifest.lock\" > /dev/null\nif [ $? != 0 ] ; then\n    # print error to STDERR\n    echo \"error: The sandbox is not in sync with the Podfile.lock. Run 'pod install' or update your CocoaPods installation.\" >&2\n    exit 1\nfi\n# This output is used by Xcode 'outputs' to avoid re-running this script phase.\necho \"SUCCESS\" > \"${SCRIPT_OUTPUT_FILE_0}\"\n";
			showEnvVarsInLog = 0;
		};
/* End PBXShellScriptBuildPhase section */

/* Begin PBXSourcesBuildPhase section */
		FC376E0D210237A20092A6EE /* Sources */ = {
			isa = PBXSourcesBuildPhase;
			buildActionMask = 2147483647;
			files = (
				FC376E2D21023EA10092A6EE /* TargetType.swift in Sources */,
				FC376E17210237A20092A6EE /* ViewController.swift in Sources */,
				FC376E2F21023ED60092A6EE /* Task.swift in Sources */,
				FC376E2B210238FD0092A6EE /* GithubAPI.swift in Sources */,
				FC376E3121023F080092A6EE /* ValidationType.swift in Sources */,
				FC376E15210237A20092A6EE /* AppDelegate.swift in Sources */,
			);
			runOnlyForDeploymentPostprocessing = 0;
		};
/* End PBXSourcesBuildPhase section */

/* Begin PBXVariantGroup section */
		FC376E18210237A20092A6EE /* Main.storyboard */ = {
			isa = PBXVariantGroup;
			children = (
				FC376E19210237A20092A6EE /* Base */,
			);
			name = Main.storyboard;
			sourceTree = "<group>";
		};
		FC376E1D210237A30092A6EE /* LaunchScreen.storyboard */ = {
			isa = PBXVariantGroup;
			children = (
				FC376E1E210237A30092A6EE /* Base */,
			);
			name = LaunchScreen.storyboard;
			sourceTree = "<group>";
		};
/* End PBXVariantGroup section */

/* Begin XCBuildConfiguration section */
		FC376E21210237A30092A6EE /* Debug */ = {
			isa = XCBuildConfiguration;
			buildSettings = {
				ALWAYS_SEARCH_USER_PATHS = NO;
				CLANG_ANALYZER_NONNULL = YES;
				CLANG_ANALYZER_NUMBER_OBJECT_CONVERSION = YES_AGGRESSIVE;
				CLANG_CXX_LANGUAGE_STANDARD = "gnu++14";
				CLANG_CXX_LIBRARY = "libc++";
				CLANG_ENABLE_MODULES = YES;
				CLANG_ENABLE_OBJC_ARC = YES;
				CLANG_ENABLE_OBJC_WEAK = YES;
				CLANG_WARN_BLOCK_CAPTURE_AUTORELEASING = YES;
				CLANG_WARN_BOOL_CONVERSION = YES;
				CLANG_WARN_COMMA = YES;
				CLANG_WARN_CONSTANT_CONVERSION = YES;
				CLANG_WARN_DEPRECATED_OBJC_IMPLEMENTATIONS = YES;
				CLANG_WARN_DIRECT_OBJC_ISA_USAGE = YES_ERROR;
				CLANG_WARN_DOCUMENTATION_COMMENTS = YES;
				CLANG_WARN_EMPTY_BODY = YES;
				CLANG_WARN_ENUM_CONVERSION = YES;
				CLANG_WARN_INFINITE_RECURSION = YES;
				CLANG_WARN_INT_CONVERSION = YES;
				CLANG_WARN_NON_LITERAL_NULL_CONVERSION = YES;
				CLANG_WARN_OBJC_IMPLICIT_RETAIN_SELF = YES;
				CLANG_WARN_OBJC_LITERAL_CONVERSION = YES;
				CLANG_WARN_OBJC_ROOT_CLASS = YES_ERROR;
				CLANG_WARN_RANGE_LOOP_ANALYSIS = YES;
				CLANG_WARN_STRICT_PROTOTYPES = YES;
				CLANG_WARN_SUSPICIOUS_MOVE = YES;
				CLANG_WARN_UNGUARDED_AVAILABILITY = YES_AGGRESSIVE;
				CLANG_WARN_UNREACHABLE_CODE = YES;
				CLANG_WARN__DUPLICATE_METHOD_MATCH = YES;
				CODE_SIGN_IDENTITY = "iPhone Developer";
				COPY_PHASE_STRIP = NO;
				DEBUG_INFORMATION_FORMAT = dwarf;
				ENABLE_STRICT_OBJC_MSGSEND = YES;
				ENABLE_TESTABILITY = YES;
				GCC_C_LANGUAGE_STANDARD = gnu11;
				GCC_DYNAMIC_NO_PIC = NO;
				GCC_NO_COMMON_BLOCKS = YES;
				GCC_OPTIMIZATION_LEVEL = 0;
				GCC_PREPROCESSOR_DEFINITIONS = (
					"DEBUG=1",
					"$(inherited)",
				);
				GCC_WARN_64_TO_32_BIT_CONVERSION = YES;
				GCC_WARN_ABOUT_RETURN_TYPE = YES_ERROR;
				GCC_WARN_UNDECLARED_SELECTOR = YES;
				GCC_WARN_UNINITIALIZED_AUTOS = YES_AGGRESSIVE;
				GCC_WARN_UNUSED_FUNCTION = YES;
				GCC_WARN_UNUSED_VARIABLE = YES;
				IPHONEOS_DEPLOYMENT_TARGET = 11.4;
				MTL_ENABLE_DEBUG_INFO = YES;
				ONLY_ACTIVE_ARCH = YES;
				SDKROOT = iphoneos;
				SWIFT_ACTIVE_COMPILATION_CONDITIONS = DEBUG;
				SWIFT_OPTIMIZATION_LEVEL = "-Onone";
			};
			name = Debug;
		};
		FC376E22210237A30092A6EE /* Release */ = {
			isa = XCBuildConfiguration;
			buildSettings = {
				ALWAYS_SEARCH_USER_PATHS = NO;
				CLANG_ANALYZER_NONNULL = YES;
				CLANG_ANALYZER_NUMBER_OBJECT_CONVERSION = YES_AGGRESSIVE;
				CLANG_CXX_LANGUAGE_STANDARD = "gnu++14";
				CLANG_CXX_LIBRARY = "libc++";
				CLANG_ENABLE_MODULES = YES;
				CLANG_ENABLE_OBJC_ARC = YES;
				CLANG_ENABLE_OBJC_WEAK = YES;
				CLANG_WARN_BLOCK_CAPTURE_AUTORELEASING = YES;
				CLANG_WARN_BOOL_CONVERSION = YES;
				CLANG_WARN_COMMA = YES;
				CLANG_WARN_CONSTANT_CONVERSION = YES;
				CLANG_WARN_DEPRECATED_OBJC_IMPLEMENTATIONS = YES;
				CLANG_WARN_DIRECT_OBJC_ISA_USAGE = YES_ERROR;
				CLANG_WARN_DOCUMENTATION_COMMENTS = YES;
				CLANG_WARN_EMPTY_BODY = YES;
				CLANG_WARN_ENUM_CONVERSION = YES;
				CLANG_WARN_INFINITE_RECURSION = YES;
				CLANG_WARN_INT_CONVERSION = YES;
				CLANG_WARN_NON_LITERAL_NULL_CONVERSION = YES;
				CLANG_WARN_OBJC_IMPLICIT_RETAIN_SELF = YES;
				CLANG_WARN_OBJC_LITERAL_CONVERSION = YES;
				CLANG_WARN_OBJC_ROOT_CLASS = YES_ERROR;
				CLANG_WARN_RANGE_LOOP_ANALYSIS = YES;
				CLANG_WARN_STRICT_PROTOTYPES = YES;
				CLANG_WARN_SUSPICIOUS_MOVE = YES;
				CLANG_WARN_UNGUARDED_AVAILABILITY = YES_AGGRESSIVE;
				CLANG_WARN_UNREACHABLE_CODE = YES;
				CLANG_WARN__DUPLICATE_METHOD_MATCH = YES;
				CODE_SIGN_IDENTITY = "iPhone Developer";
				COPY_PHASE_STRIP = NO;
				DEBUG_INFORMATION_FORMAT = "dwarf-with-dsym";
				ENABLE_NS_ASSERTIONS = NO;
				ENABLE_STRICT_OBJC_MSGSEND = YES;
				GCC_C_LANGUAGE_STANDARD = gnu11;
				GCC_NO_COMMON_BLOCKS = YES;
				GCC_WARN_64_TO_32_BIT_CONVERSION = YES;
				GCC_WARN_ABOUT_RETURN_TYPE = YES_ERROR;
				GCC_WARN_UNDECLARED_SELECTOR = YES;
				GCC_WARN_UNINITIALIZED_AUTOS = YES_AGGRESSIVE;
				GCC_WARN_UNUSED_FUNCTION = YES;
				GCC_WARN_UNUSED_VARIABLE = YES;
				IPHONEOS_DEPLOYMENT_TARGET = 11.4;
				MTL_ENABLE_DEBUG_INFO = NO;
				SDKROOT = iphoneos;
				SWIFT_COMPILATION_MODE = wholemodule;
				SWIFT_OPTIMIZATION_LEVEL = "-O";
				VALIDATE_PRODUCT = YES;
			};
			name = Release;
		};
		FC376E24210237A30092A6EE /* Debug */ = {
			isa = XCBuildConfiguration;
			baseConfigurationReference = E76EA21968B2F2F676308F43 /* Pods-Network.debug.xcconfig */;
			buildSettings = {
				ASSETCATALOG_COMPILER_APPICON_NAME = AppIcon;
				CODE_SIGN_STYLE = Automatic;
				DEVELOPMENT_TEAM = EPWV8KDDJE;
				INFOPLIST_FILE = Network/Info.plist;
				LD_RUNPATH_SEARCH_PATHS = (
					"$(inherited)",
					"@executable_path/Frameworks",
				);
				PRODUCT_BUNDLE_IDENTIFIER = com.LeeGwangYong.Network;
				PRODUCT_NAME = "$(TARGET_NAME)";
				SWIFT_VERSION = 4.0;
				TARGETED_DEVICE_FAMILY = "1,2";
			};
			name = Debug;
		};
		FC376E25210237A30092A6EE /* Release */ = {
			isa = XCBuildConfiguration;
			baseConfigurationReference = DF5AFB25B52B4C30EB126ED7 /* Pods-Network.release.xcconfig */;
			buildSettings = {
				ASSETCATALOG_COMPILER_APPICON_NAME = AppIcon;
				CODE_SIGN_STYLE = Automatic;
				DEVELOPMENT_TEAM = EPWV8KDDJE;
				INFOPLIST_FILE = Network/Info.plist;
				LD_RUNPATH_SEARCH_PATHS = (
					"$(inherited)",
					"@executable_path/Frameworks",
				);
				PRODUCT_BUNDLE_IDENTIFIER = com.LeeGwangYong.Network;
				PRODUCT_NAME = "$(TARGET_NAME)";
				SWIFT_VERSION = 4.0;
				TARGETED_DEVICE_FAMILY = "1,2";
			};
			name = Release;
		};
/* End XCBuildConfiguration section */

/* Begin XCConfigurationList section */
		FC376E0C210237A20092A6EE /* Build configuration list for PBXProject "Network" */ = {
			isa = XCConfigurationList;
			buildConfigurations = (
				FC376E21210237A30092A6EE /* Debug */,
				FC376E22210237A30092A6EE /* Release */,
			);
			defaultConfigurationIsVisible = 0;
			defaultConfigurationName = Release;
		};
		FC376E23210237A30092A6EE /* Build configuration list for PBXNativeTarget "Network" */ = {
			isa = XCConfigurationList;
			buildConfigurations = (
				FC376E24210237A30092A6EE /* Debug */,
				FC376E25210237A30092A6EE /* Release */,
			);
			defaultConfigurationIsVisible = 0;
			defaultConfigurationName = Release;
		};
/* End XCConfigurationList section */
	};
	rootObject = FC376E09210237A20092A6EE /* Project object */;
}
