// !$*UTF8*$!
{
	archiveVersion = 1;
	classes = {
	};
	objectVersion = 48;
	objects = {

/* Begin PBXBuildFile section */
		FCC2896C1FA4489E0001BD22 /* AppDelegate.swift in Sources */ = {isa = PBXBuildFile; fileRef = FCC2896B1FA4489E0001BD22 /* AppDelegate.swift */; };
		FCC2896E1FA4489E0001BD22 /* ViewController.swift in Sources */ = {isa = PBXBuildFile; fileRef = FCC2896D1FA4489E0001BD22 /* ViewController.swift */; };
		FCC289711FA4489E0001BD22 /* Main.storyboard in Resources */ = {isa = PBXBuildFile; fileRef = FCC2896F1FA4489E0001BD22 /* Main.storyboard */; };
		FCC289731FA4489E0001BD22 /* Assets.xcassets in Resources */ = {isa = PBXBuildFile; fileRef = FCC289721FA4489E0001BD22 /* Assets.xcassets */; };
		FCC289761FA4489E0001BD22 /* LaunchScreen.storyboard in Resources */ = {isa = PBXBuildFile; fileRef = FCC289741FA4489E0001BD22 /* LaunchScreen.storyboard */; };
		FCC289811FA4489E0001BD22 /* SOPT_Week3Tests.swift in Sources */ = {isa = PBXBuildFile; fileRef = FCC289801FA4489E0001BD22 /* SOPT_Week3Tests.swift */; };
		FCC2898C1FA4489E0001BD22 /* SOPT_Week3UITests.swift in Sources */ = {isa = PBXBuildFile; fileRef = FCC2898B1FA4489E0001BD22 /* SOPT_Week3UITests.swift */; };
		FCC289A21FA452690001BD22 /* CustomTableViewController.swift in Sources */ = {isa = PBXBuildFile; fileRef = FCC289A11FA452690001BD22 /* CustomTableViewController.swift */; };
		FCC289A41FA4527D0001BD22 /* CustomTableViewCell.swift in Sources */ = {isa = PBXBuildFile; fileRef = FCC289A31FA4527D0001BD22 /* CustomTableViewCell.swift */; };
		FCC289A61FA453390001BD22 /* CustomTableViewViewController.swift in Sources */ = {isa = PBXBuildFile; fileRef = FCC289A51FA453390001BD22 /* CustomTableViewViewController.swift */; };
		FCC289A81FA45E9F0001BD22 /* NSObject+Week3.swift in Sources */ = {isa = PBXBuildFile; fileRef = FCC289A71FA45E9F0001BD22 /* NSObject+Week3.swift */; };
		FCC289AA1FA462530001BD22 /* CellInfo.swift in Sources */ = {isa = PBXBuildFile; fileRef = FCC289A91FA462530001BD22 /* CellInfo.swift */; };
		FCC289B01FA468460001BD22 /* TestCollectionViewCell.swift in Sources */ = {isa = PBXBuildFile; fileRef = FCC289AF1FA468460001BD22 /* TestCollectionViewCell.swift */; };
		FCC289B41FA468DE0001BD22 /* TestCollectionViewController.swift in Sources */ = {isa = PBXBuildFile; fileRef = FCC289B31FA468DE0001BD22 /* TestCollectionViewController.swift */; };
/* End PBXBuildFile section */

/* Begin PBXContainerItemProxy section */
		FCC2897D1FA4489E0001BD22 /* PBXContainerItemProxy */ = {
			isa = PBXContainerItemProxy;
			containerPortal = FCC289601FA4489E0001BD22 /* Project object */;
			proxyType = 1;
			remoteGlobalIDString = FCC289671FA4489E0001BD22;
			remoteInfo = SOPT_Week3;
		};
		FCC289881FA4489E0001BD22 /* PBXContainerItemProxy */ = {
			isa = PBXContainerItemProxy;
			containerPortal = FCC289601FA4489E0001BD22 /* Project object */;
			proxyType = 1;
			remoteGlobalIDString = FCC289671FA4489E0001BD22;
			remoteInfo = SOPT_Week3;
		};
/* End PBXContainerItemProxy section */

/* Begin PBXFileReference section */
		FCC289681FA4489E0001BD22 /* SOPT_Week3.app */ = {isa = PBXFileReference; explicitFileType = wrapper.application; includeInIndex = 0; path = SOPT_Week3.app; sourceTree = BUILT_PRODUCTS_DIR; };
		FCC2896B1FA4489E0001BD22 /* AppDelegate.swift */ = {isa = PBXFileReference; lastKnownFileType = sourcecode.swift; path = AppDelegate.swift; sourceTree = "<group>"; };
		FCC2896D1FA4489E0001BD22 /* ViewController.swift */ = {isa = PBXFileReference; lastKnownFileType = sourcecode.swift; path = ViewController.swift; sourceTree = "<group>"; };
		FCC289701FA4489E0001BD22 /* Base */ = {isa = PBXFileReference; lastKnownFileType = file.storyboard; name = Base; path = Base.lproj/Main.storyboard; sourceTree = "<group>"; };
		FCC289721FA4489E0001BD22 /* Assets.xcassets */ = {isa = PBXFileReference; lastKnownFileType = folder.assetcatalog; path = Assets.xcassets; sourceTree = "<group>"; };
		FCC289751FA4489E0001BD22 /* Base */ = {isa = PBXFileReference; lastKnownFileType = file.storyboard; name = Base; path = Base.lproj/LaunchScreen.storyboard; sourceTree = "<group>"; };
		FCC289771FA4489E0001BD22 /* Info.plist */ = {isa = PBXFileReference; lastKnownFileType = text.plist.xml; path = Info.plist; sourceTree = "<group>"; };
		FCC2897C1FA4489E0001BD22 /* SOPT_Week3Tests.xctest */ = {isa = PBXFileReference; explicitFileType = wrapper.cfbundle; includeInIndex = 0; path = SOPT_Week3Tests.xctest; sourceTree = BUILT_PRODUCTS_DIR; };
		FCC289801FA4489E0001BD22 /* SOPT_Week3Tests.swift */ = {isa = PBXFileReference; lastKnownFileType = sourcecode.swift; path = SOPT_Week3Tests.swift; sourceTree = "<group>"; };
		FCC289821FA4489E0001BD22 /* Info.plist */ = {isa = PBXFileReference; lastKnownFileType = text.plist.xml; path = Info.plist; sourceTree = "<group>"; };
		FCC289871FA4489E0001BD22 /* SOPT_Week3UITests.xctest */ = {isa = PBXFileReference; explicitFileType = wrapper.cfbundle; includeInIndex = 0; path = SOPT_Week3UITests.xctest; sourceTree = BUILT_PRODUCTS_DIR; };
		FCC2898B1FA4489E0001BD22 /* SOPT_Week3UITests.swift */ = {isa = PBXFileReference; lastKnownFileType = sourcecode.swift; path = SOPT_Week3UITests.swift; sourceTree = "<group>"; };
		FCC2898D1FA4489E0001BD22 /* Info.plist */ = {isa = PBXFileReference; lastKnownFileType = text.plist.xml; path = Info.plist; sourceTree = "<group>"; };
		FCC289A11FA452690001BD22 /* CustomTableViewController.swift */ = {isa = PBXFileReference; lastKnownFileType = sourcecode.swift; path = CustomTableViewController.swift; sourceTree = "<group>"; };
		FCC289A31FA4527D0001BD22 /* CustomTableViewCell.swift */ = {isa = PBXFileReference; lastKnownFileType = sourcecode.swift; path = CustomTableViewCell.swift; sourceTree = "<group>"; };
		FCC289A51FA453390001BD22 /* CustomTableViewViewController.swift */ = {isa = PBXFileReference; lastKnownFileType = sourcecode.swift; path = CustomTableViewViewController.swift; sourceTree = "<group>"; };
		FCC289A71FA45E9F0001BD22 /* NSObject+Week3.swift */ = {isa = PBXFileReference; lastKnownFileType = sourcecode.swift; path = "NSObject+Week3.swift"; sourceTree = "<group>"; };
		FCC289A91FA462530001BD22 /* CellInfo.swift */ = {isa = PBXFileReference; lastKnownFileType = sourcecode.swift; path = CellInfo.swift; sourceTree = "<group>"; };
		FCC289AF1FA468460001BD22 /* TestCollectionViewCell.swift */ = {isa = PBXFileReference; lastKnownFileType = sourcecode.swift; path = TestCollectionViewCell.swift; sourceTree = "<group>"; };
		FCC289B31FA468DE0001BD22 /* TestCollectionViewController.swift */ = {isa = PBXFileReference; lastKnownFileType = sourcecode.swift; path = TestCollectionViewController.swift; sourceTree = "<group>"; };
/* End PBXFileReference section */

/* Begin PBXFrameworksBuildPhase section */
		FCC289651FA4489E0001BD22 /* Frameworks */ = {
			isa = PBXFrameworksBuildPhase;
			buildActionMask = 2147483647;
			files = (
			);
			runOnlyForDeploymentPostprocessing = 0;
		};
		FCC289791FA4489E0001BD22 /* Frameworks */ = {
			isa = PBXFrameworksBuildPhase;
			buildActionMask = 2147483647;
			files = (
			);
			runOnlyForDeploymentPostprocessing = 0;
		};
		FCC289841FA4489E0001BD22 /* Frameworks */ = {
			isa = PBXFrameworksBuildPhase;
			buildActionMask = 2147483647;
			files = (
			);
			runOnlyForDeploymentPostprocessing = 0;
		};
/* End PBXFrameworksBuildPhase section */

/* Begin PBXGroup section */
		FCC2895F1FA4489E0001BD22 = {
			isa = PBXGroup;
			children = (
				FCC2896A1FA4489E0001BD22 /* SOPT_Week3 */,
				FCC2897F1FA4489E0001BD22 /* SOPT_Week3Tests */,
				FCC2898A1FA4489E0001BD22 /* SOPT_Week3UITests */,
				FCC289691FA4489E0001BD22 /* Products */,
			);
			sourceTree = "<group>";
		};
		FCC289691FA4489E0001BD22 /* Products */ = {
			isa = PBXGroup;
			children = (
				FCC289681FA4489E0001BD22 /* SOPT_Week3.app */,
				FCC2897C1FA4489E0001BD22 /* SOPT_Week3Tests.xctest */,
				FCC289871FA4489E0001BD22 /* SOPT_Week3UITests.xctest */,
			);
			name = Products;
			sourceTree = "<group>";
		};
		FCC2896A1FA4489E0001BD22 /* SOPT_Week3 */ = {
			isa = PBXGroup;
			children = (
				FCC2896B1FA4489E0001BD22 /* AppDelegate.swift */,
				FCC2896D1FA4489E0001BD22 /* ViewController.swift */,
				FCC2896F1FA4489E0001BD22 /* Main.storyboard */,
				FCC289721FA4489E0001BD22 /* Assets.xcassets */,
				FCC289741FA4489E0001BD22 /* LaunchScreen.storyboard */,
				FCC289771FA4489E0001BD22 /* Info.plist */,
				FCC289A11FA452690001BD22 /* CustomTableViewController.swift */,
				FCC289A31FA4527D0001BD22 /* CustomTableViewCell.swift */,
				FCC289A51FA453390001BD22 /* CustomTableViewViewController.swift */,
				FCC289A71FA45E9F0001BD22 /* NSObject+Week3.swift */,
				FCC289A91FA462530001BD22 /* CellInfo.swift */,
				FCC289AF1FA468460001BD22 /* TestCollectionViewCell.swift */,
				FCC289B31FA468DE0001BD22 /* TestCollectionViewController.swift */,
			);
			path = SOPT_Week3;
			sourceTree = "<group>";
		};
		FCC2897F1FA4489E0001BD22 /* SOPT_Week3Tests */ = {
			isa = PBXGroup;
			children = (
				FCC289801FA4489E0001BD22 /* SOPT_Week3Tests.swift */,
				FCC289821FA4489E0001BD22 /* Info.plist */,
			);
			path = SOPT_Week3Tests;
			sourceTree = "<group>";
		};
		FCC2898A1FA4489E0001BD22 /* SOPT_Week3UITests */ = {
			isa = PBXGroup;
			children = (
				FCC2898B1FA4489E0001BD22 /* SOPT_Week3UITests.swift */,
				FCC2898D1FA4489E0001BD22 /* Info.plist */,
			);
			path = SOPT_Week3UITests;
			sourceTree = "<group>";
		};
/* End PBXGroup section */

/* Begin PBXNativeTarget section */
		FCC289671FA4489E0001BD22 /* SOPT_Week3 */ = {
			isa = PBXNativeTarget;
			buildConfigurationList = FCC289901FA4489F0001BD22 /* Build configuration list for PBXNativeTarget "SOPT_Week3" */;
			buildPhases = (
				FCC289641FA4489E0001BD22 /* Sources */,
				FCC289651FA4489E0001BD22 /* Frameworks */,
				FCC289661FA4489E0001BD22 /* Resources */,
			);
			buildRules = (
			);
			dependencies = (
			);
			name = SOPT_Week3;
			productName = SOPT_Week3;
			productReference = FCC289681FA4489E0001BD22 /* SOPT_Week3.app */;
			productType = "com.apple.product-type.application";
		};
		FCC2897B1FA4489E0001BD22 /* SOPT_Week3Tests */ = {
			isa = PBXNativeTarget;
			buildConfigurationList = FCC289931FA4489F0001BD22 /* Build configuration list for PBXNativeTarget "SOPT_Week3Tests" */;
			buildPhases = (
				FCC289781FA4489E0001BD22 /* Sources */,
				FCC289791FA4489E0001BD22 /* Frameworks */,
				FCC2897A1FA4489E0001BD22 /* Resources */,
			);
			buildRules = (
			);
			dependencies = (
				FCC2897E1FA4489E0001BD22 /* PBXTargetDependency */,
			);
			name = SOPT_Week3Tests;
			productName = SOPT_Week3Tests;
			productReference = FCC2897C1FA4489E0001BD22 /* SOPT_Week3Tests.xctest */;
			productType = "com.apple.product-type.bundle.unit-test";
		};
		FCC289861FA4489E0001BD22 /* SOPT_Week3UITests */ = {
			isa = PBXNativeTarget;
			buildConfigurationList = FCC289961FA4489F0001BD22 /* Build configuration list for PBXNativeTarget "SOPT_Week3UITests" */;
			buildPhases = (
				FCC289831FA4489E0001BD22 /* Sources */,
				FCC289841FA4489E0001BD22 /* Frameworks */,
				FCC289851FA4489E0001BD22 /* Resources */,
			);
			buildRules = (
			);
			dependencies = (
				FCC289891FA4489E0001BD22 /* PBXTargetDependency */,
			);
			name = SOPT_Week3UITests;
			productName = SOPT_Week3UITests;
			productReference = FCC289871FA4489E0001BD22 /* SOPT_Week3UITests.xctest */;
			productType = "com.apple.product-type.bundle.ui-testing";
		};
/* End PBXNativeTarget section */

/* Begin PBXProject section */
		FCC289601FA4489E0001BD22 /* Project object */ = {
			isa = PBXProject;
			attributes = {
				LastSwiftUpdateCheck = 0900;
				LastUpgradeCheck = 0900;
				ORGANIZATIONNAME = "이광용";
				TargetAttributes = {
					FCC289671FA4489E0001BD22 = {
						CreatedOnToolsVersion = 9.0.1;
						ProvisioningStyle = Automatic;
					};
					FCC2897B1FA4489E0001BD22 = {
						CreatedOnToolsVersion = 9.0.1;
						ProvisioningStyle = Automatic;
						TestTargetID = FCC289671FA4489E0001BD22;
					};
					FCC289861FA4489E0001BD22 = {
						CreatedOnToolsVersion = 9.0.1;
						ProvisioningStyle = Automatic;
						TestTargetID = FCC289671FA4489E0001BD22;
					};
				};
			};
			buildConfigurationList = FCC289631FA4489E0001BD22 /* Build configuration list for PBXProject "SOPT_Week3" */;
			compatibilityVersion = "Xcode 8.0";
			developmentRegion = en;
			hasScannedForEncodings = 0;
			knownRegions = (
				en,
				Base,
			);
			mainGroup = FCC2895F1FA4489E0001BD22;
			productRefGroup = FCC289691FA4489E0001BD22 /* Products */;
			projectDirPath = "";
			projectRoot = "";
			targets = (
				FCC289671FA4489E0001BD22 /* SOPT_Week3 */,
				FCC2897B1FA4489E0001BD22 /* SOPT_Week3Tests */,
				FCC289861FA4489E0001BD22 /* SOPT_Week3UITests */,
			);
		};
/* End PBXProject section */

/* Begin PBXResourcesBuildPhase section */
		FCC289661FA4489E0001BD22 /* Resources */ = {
			isa = PBXResourcesBuildPhase;
			buildActionMask = 2147483647;
			files = (
				FCC289761FA4489E0001BD22 /* LaunchScreen.storyboard in Resources */,
				FCC289731FA4489E0001BD22 /* Assets.xcassets in Resources */,
				FCC289711FA4489E0001BD22 /* Main.storyboard in Resources */,
			);
			runOnlyForDeploymentPostprocessing = 0;
		};
		FCC2897A1FA4489E0001BD22 /* Resources */ = {
			isa = PBXResourcesBuildPhase;
			buildActionMask = 2147483647;
			files = (
			);
			runOnlyForDeploymentPostprocessing = 0;
		};
		FCC289851FA4489E0001BD22 /* Resources */ = {
			isa = PBXResourcesBuildPhase;
			buildActionMask = 2147483647;
			files = (
			);
			runOnlyForDeploymentPostprocessing = 0;
		};
/* End PBXResourcesBuildPhase section */

/* Begin PBXSourcesBuildPhase section */
		FCC289641FA4489E0001BD22 /* Sources */ = {
			isa = PBXSourcesBuildPhase;
			buildActionMask = 2147483647;
			files = (
				FCC289AA1FA462530001BD22 /* CellInfo.swift in Sources */,
				FCC2896E1FA4489E0001BD22 /* ViewController.swift in Sources */,
				FCC289B01FA468460001BD22 /* TestCollectionViewCell.swift in Sources */,
				FCC289A61FA453390001BD22 /* CustomTableViewViewController.swift in Sources */,
				FCC289A21FA452690001BD22 /* CustomTableViewController.swift in Sources */,
				FCC289A81FA45E9F0001BD22 /* NSObject+Week3.swift in Sources */,
				FCC289A41FA4527D0001BD22 /* CustomTableViewCell.swift in Sources */,
				FCC289B41FA468DE0001BD22 /* TestCollectionViewController.swift in Sources */,
				FCC2896C1FA4489E0001BD22 /* AppDelegate.swift in Sources */,
			);
			runOnlyForDeploymentPostprocessing = 0;
		};
		FCC289781FA4489E0001BD22 /* Sources */ = {
			isa = PBXSourcesBuildPhase;
			buildActionMask = 2147483647;
			files = (
				FCC289811FA4489E0001BD22 /* SOPT_Week3Tests.swift in Sources */,
			);
			runOnlyForDeploymentPostprocessing = 0;
		};
		FCC289831FA4489E0001BD22 /* Sources */ = {
			isa = PBXSourcesBuildPhase;
			buildActionMask = 2147483647;
			files = (
				FCC2898C1FA4489E0001BD22 /* SOPT_Week3UITests.swift in Sources */,
			);
			runOnlyForDeploymentPostprocessing = 0;
		};
/* End PBXSourcesBuildPhase section */

/* Begin PBXTargetDependency section */
		FCC2897E1FA4489E0001BD22 /* PBXTargetDependency */ = {
			isa = PBXTargetDependency;
			target = FCC289671FA4489E0001BD22 /* SOPT_Week3 */;
			targetProxy = FCC2897D1FA4489E0001BD22 /* PBXContainerItemProxy */;
		};
		FCC289891FA4489E0001BD22 /* PBXTargetDependency */ = {
			isa = PBXTargetDependency;
			target = FCC289671FA4489E0001BD22 /* SOPT_Week3 */;
			targetProxy = FCC289881FA4489E0001BD22 /* PBXContainerItemProxy */;
		};
/* End PBXTargetDependency section */

/* Begin PBXVariantGroup section */
		FCC2896F1FA4489E0001BD22 /* Main.storyboard */ = {
			isa = PBXVariantGroup;
			children = (
				FCC289701FA4489E0001BD22 /* Base */,
			);
			name = Main.storyboard;
			sourceTree = "<group>";
		};
		FCC289741FA4489E0001BD22 /* LaunchScreen.storyboard */ = {
			isa = PBXVariantGroup;
			children = (
				FCC289751FA4489E0001BD22 /* Base */,
			);
			name = LaunchScreen.storyboard;
			sourceTree = "<group>";
		};
/* End PBXVariantGroup section */

/* Begin XCBuildConfiguration section */
		FCC2898E1FA4489F0001BD22 /* Debug */ = {
			isa = XCBuildConfiguration;
			buildSettings = {
				ALWAYS_SEARCH_USER_PATHS = NO;
				CLANG_ANALYZER_NONNULL = YES;
				CLANG_ANALYZER_NUMBER_OBJECT_CONVERSION = YES_AGGRESSIVE;
				CLANG_CXX_LANGUAGE_STANDARD = "gnu++14";
				CLANG_CXX_LIBRARY = "libc++";
				CLANG_ENABLE_MODULES = YES;
				CLANG_ENABLE_OBJC_ARC = YES;
				CLANG_WARN_BLOCK_CAPTURE_AUTORELEASING = YES;
				CLANG_WARN_BOOL_CONVERSION = YES;
				CLANG_WARN_COMMA = YES;
				CLANG_WARN_CONSTANT_CONVERSION = YES;
				CLANG_WARN_DIRECT_OBJC_ISA_USAGE = YES_ERROR;
				CLANG_WARN_DOCUMENTATION_COMMENTS = YES;
				CLANG_WARN_EMPTY_BODY = YES;
				CLANG_WARN_ENUM_CONVERSION = YES;
				CLANG_WARN_INFINITE_RECURSION = YES;
				CLANG_WARN_INT_CONVERSION = YES;
				CLANG_WARN_NON_LITERAL_NULL_CONVERSION = YES;
				CLANG_WARN_OBJC_LITERAL_CONVERSION = YES;
				CLANG_WARN_OBJC_ROOT_CLASS = YES_ERROR;
				CLANG_WARN_RANGE_LOOP_ANALYSIS = YES;
				CLANG_WARN_STRICT_PROTOTYPES = YES;
				CLANG_WARN_SUSPICIOUS_MOVE = YES;
				CLANG_WARN_UNGUARDED_AVAILABILITY = YES_AGGRESSIVE;
				CLANG_WARN_UNREACHABLE_CODE = YES;
				CLANG_WARN__DUPLICATE_METHOD_MATCH = YES;
				CODE_SIGN_IDENTITY = "iPhone Developer";
				COPY_PHASE_STRIP = NO;
				DEBUG_INFORMATION_FORMAT = dwarf;
				ENABLE_STRICT_OBJC_MSGSEND = YES;
				ENABLE_TESTABILITY = YES;
				GCC_C_LANGUAGE_STANDARD = gnu11;
				GCC_DYNAMIC_NO_PIC = NO;
				GCC_NO_COMMON_BLOCKS = YES;
				GCC_OPTIMIZATION_LEVEL = 0;
				GCC_PREPROCESSOR_DEFINITIONS = (
					"DEBUG=1",
					"$(inherited)",
				);
				GCC_WARN_64_TO_32_BIT_CONVERSION = YES;
				GCC_WARN_ABOUT_RETURN_TYPE = YES_ERROR;
				GCC_WARN_UNDECLARED_SELECTOR = YES;
				GCC_WARN_UNINITIALIZED_AUTOS = YES_AGGRESSIVE;
				GCC_WARN_UNUSED_FUNCTION = YES;
				GCC_WARN_UNUSED_VARIABLE = YES;
				IPHONEOS_DEPLOYMENT_TARGET = 11.0;
				MTL_ENABLE_DEBUG_INFO = YES;
				ONLY_ACTIVE_ARCH = YES;
				SDKROOT = iphoneos;
				SWIFT_ACTIVE_COMPILATION_CONDITIONS = DEBUG;
				SWIFT_OPTIMIZATION_LEVEL = "-Onone";
			};
			name = Debug;
		};
		FCC2898F1FA4489F0001BD22 /* Release */ = {
			isa = XCBuildConfiguration;
			buildSettings = {
				ALWAYS_SEARCH_USER_PATHS = NO;
				CLANG_ANALYZER_NONNULL = YES;
				CLANG_ANALYZER_NUMBER_OBJECT_CONVERSION = YES_AGGRESSIVE;
				CLANG_CXX_LANGUAGE_STANDARD = "gnu++14";
				CLANG_CXX_LIBRARY = "libc++";
				CLANG_ENABLE_MODULES = YES;
				CLANG_ENABLE_OBJC_ARC = YES;
				CLANG_WARN_BLOCK_CAPTURE_AUTORELEASING = YES;
				CLANG_WARN_BOOL_CONVERSION = YES;
				CLANG_WARN_COMMA = YES;
				CLANG_WARN_CONSTANT_CONVERSION = YES;
				CLANG_WARN_DIRECT_OBJC_ISA_USAGE = YES_ERROR;
				CLANG_WARN_DOCUMENTATION_COMMENTS = YES;
				CLANG_WARN_EMPTY_BODY = YES;
				CLANG_WARN_ENUM_CONVERSION = YES;
				CLANG_WARN_INFINITE_RECURSION = YES;
				CLANG_WARN_INT_CONVERSION = YES;
				CLANG_WARN_NON_LITERAL_NULL_CONVERSION = YES;
				CLANG_WARN_OBJC_LITERAL_CONVERSION = YES;
				CLANG_WARN_OBJC_ROOT_CLASS = YES_ERROR;
				CLANG_WARN_RANGE_LOOP_ANALYSIS = YES;
				CLANG_WARN_STRICT_PROTOTYPES = YES;
				CLANG_WARN_SUSPICIOUS_MOVE = YES;
				CLANG_WARN_UNGUARDED_AVAILABILITY = YES_AGGRESSIVE;
				CLANG_WARN_UNREACHABLE_CODE = YES;
				CLANG_WARN__DUPLICATE_METHOD_MATCH = YES;
				CODE_SIGN_IDENTITY = "iPhone Developer";
				COPY_PHASE_STRIP = NO;
				DEBUG_INFORMATION_FORMAT = "dwarf-with-dsym";
				ENABLE_NS_ASSERTIONS = NO;
				ENABLE_STRICT_OBJC_MSGSEND = YES;
				GCC_C_LANGUAGE_STANDARD = gnu11;
				GCC_NO_COMMON_BLOCKS = YES;
				GCC_WARN_64_TO_32_BIT_CONVERSION = YES;
				GCC_WARN_ABOUT_RETURN_TYPE = YES_ERROR;
				GCC_WARN_UNDECLARED_SELECTOR = YES;
				GCC_WARN_UNINITIALIZED_AUTOS = YES_AGGRESSIVE;
				GCC_WARN_UNUSED_FUNCTION = YES;
				GCC_WARN_UNUSED_VARIABLE = YES;
				IPHONEOS_DEPLOYMENT_TARGET = 11.0;
				MTL_ENABLE_DEBUG_INFO = NO;
				SDKROOT = iphoneos;
				SWIFT_OPTIMIZATION_LEVEL = "-Owholemodule";
				VALIDATE_PRODUCT = YES;
			};
			name = Release;
		};
		FCC289911FA4489F0001BD22 /* Debug */ = {
			isa = XCBuildConfiguration;
			buildSettings = {
				ASSETCATALOG_COMPILER_APPICON_NAME = AppIcon;
				CODE_SIGN_STYLE = Automatic;
				DEVELOPMENT_TEAM = EPWV8KDDJE;
				INFOPLIST_FILE = SOPT_Week3/Info.plist;
				LD_RUNPATH_SEARCH_PATHS = "$(inherited) @executable_path/Frameworks";
				PRODUCT_BUNDLE_IDENTIFIER = "com.rhkdrmfh.SOPT-Week3";
				PRODUCT_NAME = "$(TARGET_NAME)";
				SWIFT_VERSION = 4.0;
				TARGETED_DEVICE_FAMILY = "1,2";
			};
			name = Debug;
		};
		FCC289921FA4489F0001BD22 /* Release */ = {
			isa = XCBuildConfiguration;
			buildSettings = {
				ASSETCATALOG_COMPILER_APPICON_NAME = AppIcon;
				CODE_SIGN_STYLE = Automatic;
				DEVELOPMENT_TEAM = EPWV8KDDJE;
				INFOPLIST_FILE = SOPT_Week3/Info.plist;
				LD_RUNPATH_SEARCH_PATHS = "$(inherited) @executable_path/Frameworks";
				PRODUCT_BUNDLE_IDENTIFIER = "com.rhkdrmfh.SOPT-Week3";
				PRODUCT_NAME = "$(TARGET_NAME)";
				SWIFT_VERSION = 4.0;
				TARGETED_DEVICE_FAMILY = "1,2";
			};
			name = Release;
		};
		FCC289941FA4489F0001BD22 /* Debug */ = {
			isa = XCBuildConfiguration;
			buildSettings = {
				ALWAYS_EMBED_SWIFT_STANDARD_LIBRARIES = YES;
				BUNDLE_LOADER = "$(TEST_HOST)";
				CODE_SIGN_STYLE = Automatic;
				DEVELOPMENT_TEAM = EPWV8KDDJE;
				INFOPLIST_FILE = SOPT_Week3Tests/Info.plist;
				LD_RUNPATH_SEARCH_PATHS = "$(inherited) @executable_path/Frameworks @loader_path/Frameworks";
				PRODUCT_BUNDLE_IDENTIFIER = "com.rhkdrmfh.SOPT-Week3Tests";
				PRODUCT_NAME = "$(TARGET_NAME)";
				SWIFT_VERSION = 4.0;
				TARGETED_DEVICE_FAMILY = "1,2";
				TEST_HOST = "$(BUILT_PRODUCTS_DIR)/SOPT_Week3.app/SOPT_Week3";
			};
			name = Debug;
		};
		FCC289951FA4489F0001BD22 /* Release */ = {
			isa = XCBuildConfiguration;
			buildSettings = {
				ALWAYS_EMBED_SWIFT_STANDARD_LIBRARIES = YES;
				BUNDLE_LOADER = "$(TEST_HOST)";
				CODE_SIGN_STYLE = Automatic;
				DEVELOPMENT_TEAM = EPWV8KDDJE;
				INFOPLIST_FILE = SOPT_Week3Tests/Info.plist;
				LD_RUNPATH_SEARCH_PATHS = "$(inherited) @executable_path/Frameworks @loader_path/Frameworks";
				PRODUCT_BUNDLE_IDENTIFIER = "com.rhkdrmfh.SOPT-Week3Tests";
				PRODUCT_NAME = "$(TARGET_NAME)";
				SWIFT_VERSION = 4.0;
				TARGETED_DEVICE_FAMILY = "1,2";
				TEST_HOST = "$(BUILT_PRODUCTS_DIR)/SOPT_Week3.app/SOPT_Week3";
			};
			name = Release;
		};
		FCC289971FA4489F0001BD22 /* Debug */ = {
			isa = XCBuildConfiguration;
			buildSettings = {
				ALWAYS_EMBED_SWIFT_STANDARD_LIBRARIES = YES;
				CODE_SIGN_STYLE = Automatic;
				DEVELOPMENT_TEAM = EPWV8KDDJE;
				INFOPLIST_FILE = SOPT_Week3UITests/Info.plist;
				LD_RUNPATH_SEARCH_PATHS = "$(inherited) @executable_path/Frameworks @loader_path/Frameworks";
				PRODUCT_BUNDLE_IDENTIFIER = "com.rhkdrmfh.SOPT-Week3UITests";
				PRODUCT_NAME = "$(TARGET_NAME)";
				SWIFT_VERSION = 4.0;
				TARGETED_DEVICE_FAMILY = "1,2";
				TEST_TARGET_NAME = SOPT_Week3;
			};
			name = Debug;
		};
		FCC289981FA4489F0001BD22 /* Release */ = {
			isa = XCBuildConfiguration;
			buildSettings = {
				ALWAYS_EMBED_SWIFT_STANDARD_LIBRARIES = YES;
				CODE_SIGN_STYLE = Automatic;
				DEVELOPMENT_TEAM = EPWV8KDDJE;
				INFOPLIST_FILE = SOPT_Week3UITests/Info.plist;
				LD_RUNPATH_SEARCH_PATHS = "$(inherited) @executable_path/Frameworks @loader_path/Frameworks";
				PRODUCT_BUNDLE_IDENTIFIER = "com.rhkdrmfh.SOPT-Week3UITests";
				PRODUCT_NAME = "$(TARGET_NAME)";
				SWIFT_VERSION = 4.0;
				TARGETED_DEVICE_FAMILY = "1,2";
				TEST_TARGET_NAME = SOPT_Week3;
			};
			name = Release;
		};
/* End XCBuildConfiguration section */

/* Begin XCConfigurationList section */
		FCC289631FA4489E0001BD22 /* Build configuration list for PBXProject "SOPT_Week3" */ = {
			isa = XCConfigurationList;
			buildConfigurations = (
				FCC2898E1FA4489F0001BD22 /* Debug */,
				FCC2898F1FA4489F0001BD22 /* Release */,
			);
			defaultConfigurationIsVisible = 0;
			defaultConfigurationName = Release;
		};
		FCC289901FA4489F0001BD22 /* Build configuration list for PBXNativeTarget "SOPT_Week3" */ = {
			isa = XCConfigurationList;
			buildConfigurations = (
				FCC289911FA4489F0001BD22 /* Debug */,
				FCC289921FA4489F0001BD22 /* Release */,
			);
			defaultConfigurationIsVisible = 0;
			defaultConfigurationName = Release;
		};
		FCC289931FA4489F0001BD22 /* Build configuration list for PBXNativeTarget "SOPT_Week3Tests" */ = {
			isa = XCConfigurationList;
			buildConfigurations = (
				FCC289941FA4489F0001BD22 /* Debug */,
				FCC289951FA4489F0001BD22 /* Release */,
			);
			defaultConfigurationIsVisible = 0;
			defaultConfigurationName = Release;
		};
		FCC289961FA4489F0001BD22 /* Build configuration list for PBXNativeTarget "SOPT_Week3UITests" */ = {
			isa = XCConfigurationList;
			buildConfigurations = (
				FCC289971FA4489F0001BD22 /* Debug */,
				FCC289981FA4489F0001BD22 /* Release */,
			);
			defaultConfigurationIsVisible = 0;
			defaultConfigurationName = Release;
		};
/* End XCConfigurationList section */
	};
	rootObject = FCC289601FA4489E0001BD22 /* Project object */;
}
