// !$*UTF8*$!
{
	archiveVersion = 1;
	classes = {
	};
	objectVersion = 50;
	objects = {

/* Begin PBXBuildFile section */
		F8B077FE85E37FE60AB283A8 /* Pods_NetworkingSample.framework in Frameworks */ = {isa = PBXBuildFile; fileRef = 5F2EF3335E53FB7C5938EE5D /* Pods_NetworkingSample.framework */; };
		FCE92B5A2150586C001F9D5D /* AppDelegate.swift in Sources */ = {isa = PBXBuildFile; fileRef = FCE92B592150586C001F9D5D /* AppDelegate.swift */; };
		FCE92B5C2150586C001F9D5D /* ViewController.swift in Sources */ = {isa = PBXBuildFile; fileRef = FCE92B5B2150586C001F9D5D /* ViewController.swift */; };
		FCE92B5F2150586C001F9D5D /* Main.storyboard in Resources */ = {isa = PBXBuildFile; fileRef = FCE92B5D2150586C001F9D5D /* Main.storyboard */; };
		FCE92B612150586E001F9D5D /* Assets.xcassets in Resources */ = {isa = PBXBuildFile; fileRef = FCE92B602150586E001F9D5D /* Assets.xcassets */; };
		FCE92B642150586E001F9D5D /* LaunchScreen.storyboard in Resources */ = {isa = PBXBuildFile; fileRef = FCE92B622150586E001F9D5D /* LaunchScreen.storyboard */; };
		FCE92B77215058E8001F9D5D /* APIRouter.swift in Sources */ = {isa = PBXBuildFile; fileRef = FCE92B6E215058E8001F9D5D /* APIRouter.swift */; };
		FCE92B78215058E8001F9D5D /* URL.swift in Sources */ = {isa = PBXBuildFile; fileRef = FCE92B6F215058E8001F9D5D /* URL.swift */; };
		FCE92B79215058E8001F9D5D /* Result.swift in Sources */ = {isa = PBXBuildFile; fileRef = FCE92B71215058E8001F9D5D /* Result.swift */; };
		FCE92B7A215058E8001F9D5D /* User.swift in Sources */ = {isa = PBXBuildFile; fileRef = FCE92B72215058E8001F9D5D /* User.swift */; };
		FCE92B7B215058E8001F9D5D /* APIServices.swift in Sources */ = {isa = PBXBuildFile; fileRef = FCE92B74215058E8001F9D5D /* APIServices.swift */; };
		FCE92B7C215058E8001F9D5D /* APIService.swift in Sources */ = {isa = PBXBuildFile; fileRef = FCE92B75215058E8001F9D5D /* APIService.swift */; };
/* End PBXBuildFile section */

/* Begin PBXFileReference section */
		34FD26CF29522E6BB6382A08 /* Pods-NetworkingSample.debug.xcconfig */ = {isa = PBXFileReference; includeInIndex = 1; lastKnownFileType = text.xcconfig; name = "Pods-NetworkingSample.debug.xcconfig"; path = "Pods/Target Support Files/Pods-NetworkingSample/Pods-NetworkingSample.debug.xcconfig"; sourceTree = "<group>"; };
		5F2EF3335E53FB7C5938EE5D /* Pods_NetworkingSample.framework */ = {isa = PBXFileReference; explicitFileType = wrapper.framework; includeInIndex = 0; path = Pods_NetworkingSample.framework; sourceTree = BUILT_PRODUCTS_DIR; };
		7AAC9C51BC7F460BA6B52E33 /* Pods-NetworkingSample.release.xcconfig */ = {isa = PBXFileReference; includeInIndex = 1; lastKnownFileType = text.xcconfig; name = "Pods-NetworkingSample.release.xcconfig"; path = "Pods/Target Support Files/Pods-NetworkingSample/Pods-NetworkingSample.release.xcconfig"; sourceTree = "<group>"; };
		FCE92B562150586C001F9D5D /* NetworkingSample.app */ = {isa = PBXFileReference; explicitFileType = wrapper.application; includeInIndex = 0; path = NetworkingSample.app; sourceTree = BUILT_PRODUCTS_DIR; };
		FCE92B592150586C001F9D5D /* AppDelegate.swift */ = {isa = PBXFileReference; lastKnownFileType = sourcecode.swift; path = AppDelegate.swift; sourceTree = "<group>"; };
		FCE92B5B2150586C001F9D5D /* ViewController.swift */ = {isa = PBXFileReference; lastKnownFileType = sourcecode.swift; path = ViewController.swift; sourceTree = "<group>"; };
		FCE92B5E2150586C001F9D5D /* Base */ = {isa = PBXFileReference; lastKnownFileType = file.storyboard; name = Base; path = Base.lproj/Main.storyboard; sourceTree = "<group>"; };
		FCE92B602150586E001F9D5D /* Assets.xcassets */ = {isa = PBXFileReference; lastKnownFileType = folder.assetcatalog; path = Assets.xcassets; sourceTree = "<group>"; };
		FCE92B632150586E001F9D5D /* Base */ = {isa = PBXFileReference; lastKnownFileType = file.storyboard; name = Base; path = Base.lproj/LaunchScreen.storyboard; sourceTree = "<group>"; };
		FCE92B652150586E001F9D5D /* Info.plist */ = {isa = PBXFileReference; lastKnownFileType = text.plist.xml; path = Info.plist; sourceTree = "<group>"; };
		FCE92B6E215058E8001F9D5D /* APIRouter.swift */ = {isa = PBXFileReference; fileEncoding = 4; lastKnownFileType = sourcecode.swift; path = APIRouter.swift; sourceTree = "<group>"; };
		FCE92B6F215058E8001F9D5D /* URL.swift */ = {isa = PBXFileReference; fileEncoding = 4; lastKnownFileType = sourcecode.swift; path = URL.swift; sourceTree = "<group>"; };
		FCE92B71215058E8001F9D5D /* Result.swift */ = {isa = PBXFileReference; fileEncoding = 4; lastKnownFileType = sourcecode.swift; path = Result.swift; sourceTree = "<group>"; };
		FCE92B72215058E8001F9D5D /* User.swift */ = {isa = PBXFileReference; fileEncoding = 4; lastKnownFileType = sourcecode.swift; path = User.swift; sourceTree = "<group>"; };
		FCE92B74215058E8001F9D5D /* APIServices.swift */ = {isa = PBXFileReference; fileEncoding = 4; lastKnownFileType = sourcecode.swift; path = APIServices.swift; sourceTree = "<group>"; };
		FCE92B75215058E8001F9D5D /* APIService.swift */ = {isa = PBXFileReference; fileEncoding = 4; lastKnownFileType = sourcecode.swift; path = APIService.swift; sourceTree = "<group>"; };
/* End PBXFileReference section */

/* Begin PBXFrameworksBuildPhase section */
		FCE92B532150586C001F9D5D /* Frameworks */ = {
			isa = PBXFrameworksBuildPhase;
			buildActionMask = 2147483647;
			files = (
				F8B077FE85E37FE60AB283A8 /* Pods_NetworkingSample.framework in Frameworks */,
			);
			runOnlyForDeploymentPostprocessing = 0;
		};
/* End PBXFrameworksBuildPhase section */

/* Begin PBXGroup section */
		54E545825EA15E9E316CAF0F /* Pods */ = {
			isa = PBXGroup;
			children = (
				34FD26CF29522E6BB6382A08 /* Pods-NetworkingSample.debug.xcconfig */,
				7AAC9C51BC7F460BA6B52E33 /* Pods-NetworkingSample.release.xcconfig */,
			);
			name = Pods;
			sourceTree = "<group>";
		};
		E2BFCA0D210A56D915DE0611 /* Frameworks */ = {
			isa = PBXGroup;
			children = (
				5F2EF3335E53FB7C5938EE5D /* Pods_NetworkingSample.framework */,
			);
			name = Frameworks;
			sourceTree = "<group>";
		};
		FCE92B4D2150586C001F9D5D = {
			isa = PBXGroup;
			children = (
				FCE92B582150586C001F9D5D /* NetworkingSample */,
				FCE92B572150586C001F9D5D /* Products */,
				54E545825EA15E9E316CAF0F /* Pods */,
				E2BFCA0D210A56D915DE0611 /* Frameworks */,
			);
			sourceTree = "<group>";
		};
		FCE92B572150586C001F9D5D /* Products */ = {
			isa = PBXGroup;
			children = (
				FCE92B562150586C001F9D5D /* NetworkingSample.app */,
			);
			name = Products;
			sourceTree = "<group>";
		};
		FCE92B582150586C001F9D5D /* NetworkingSample */ = {
			isa = PBXGroup;
			children = (
				FCE92B6B215058E8001F9D5D /* API */,
				FCE92B592150586C001F9D5D /* AppDelegate.swift */,
				FCE92B5B2150586C001F9D5D /* ViewController.swift */,
				FCE92B5D2150586C001F9D5D /* Main.storyboard */,
				FCE92B602150586E001F9D5D /* Assets.xcassets */,
				FCE92B622150586E001F9D5D /* LaunchScreen.storyboard */,
				FCE92B652150586E001F9D5D /* Info.plist */,
			);
			path = NetworkingSample;
			sourceTree = "<group>";
		};
		FCE92B6B215058E8001F9D5D /* API */ = {
			isa = PBXGroup;
			children = (
				FCE92B6C215058E8001F9D5D /* APIRouter */,
				FCE92B70215058E8001F9D5D /* Model */,
				FCE92B73215058E8001F9D5D /* APIService */,
			);
			path = API;
			sourceTree = "<group>";
		};
		FCE92B6C215058E8001F9D5D /* APIRouter */ = {
			isa = PBXGroup;
			children = (
				FCE92B6E215058E8001F9D5D /* APIRouter.swift */,
				FCE92B6F215058E8001F9D5D /* URL.swift */,
			);
			path = APIRouter;
			sourceTree = "<group>";
		};
		FCE92B70215058E8001F9D5D /* Model */ = {
			isa = PBXGroup;
			children = (
				FCE92B71215058E8001F9D5D /* Result.swift */,
				FCE92B72215058E8001F9D5D /* User.swift */,
			);
			path = Model;
			sourceTree = "<group>";
		};
		FCE92B73215058E8001F9D5D /* APIService */ = {
			isa = PBXGroup;
			children = (
				FCE92B75215058E8001F9D5D /* APIService.swift */,
				FCE92B74215058E8001F9D5D /* APIServices.swift */,
			);
			path = APIService;
			sourceTree = "<group>";
		};
/* End PBXGroup section */

/* Begin PBXNativeTarget section */
		FCE92B552150586C001F9D5D /* NetworkingSample */ = {
			isa = PBXNativeTarget;
			buildConfigurationList = FCE92B682150586E001F9D5D /* Build configuration list for PBXNativeTarget "NetworkingSample" */;
			buildPhases = (
				7D58C022BDFF6FD11E18A716 /* [CP] Check Pods Manifest.lock */,
				FCE92B522150586C001F9D5D /* Sources */,
				FCE92B532150586C001F9D5D /* Frameworks */,
				FCE92B542150586C001F9D5D /* Resources */,
				1C0DDA5552593CDA69F4A68C /* [CP] Embed Pods Frameworks */,
			);
			buildRules = (
			);
			dependencies = (
			);
			name = NetworkingSample;
			productName = NetworkingSample;
			productReference = FCE92B562150586C001F9D5D /* NetworkingSample.app */;
			productType = "com.apple.product-type.application";
		};
/* End PBXNativeTarget section */

/* Begin PBXProject section */
		FCE92B4E2150586C001F9D5D /* Project object */ = {
			isa = PBXProject;
			attributes = {
				LastSwiftUpdateCheck = 0940;
				LastUpgradeCheck = 0940;
				ORGANIZATIONNAME = "이광용";
				TargetAttributes = {
					FCE92B552150586C001F9D5D = {
						CreatedOnToolsVersion = 9.4.1;
					};
				};
			};
			buildConfigurationList = FCE92B512150586C001F9D5D /* Build configuration list for PBXProject "NetworkingSample" */;
			compatibilityVersion = "Xcode 9.3";
			developmentRegion = en;
			hasScannedForEncodings = 0;
			knownRegions = (
				en,
				Base,
			);
			mainGroup = FCE92B4D2150586C001F9D5D;
			productRefGroup = FCE92B572150586C001F9D5D /* Products */;
			projectDirPath = "";
			projectRoot = "";
			targets = (
				FCE92B552150586C001F9D5D /* NetworkingSample */,
			);
		};
/* End PBXProject section */

/* Begin PBXResourcesBuildPhase section */
		FCE92B542150586C001F9D5D /* Resources */ = {
			isa = PBXResourcesBuildPhase;
			buildActionMask = 2147483647;
			files = (
				FCE92B642150586E001F9D5D /* LaunchScreen.storyboard in Resources */,
				FCE92B612150586E001F9D5D /* Assets.xcassets in Resources */,
				FCE92B5F2150586C001F9D5D /* Main.storyboard in Resources */,
			);
			runOnlyForDeploymentPostprocessing = 0;
		};
/* End PBXResourcesBuildPhase section */

/* Begin PBXShellScriptBuildPhase section */
		1C0DDA5552593CDA69F4A68C /* [CP] Embed Pods Frameworks */ = {
			isa = PBXShellScriptBuildPhase;
			buildActionMask = 2147483647;
			files = (
			);
			inputPaths = (
				"${SRCROOT}/Pods/Target Support Files/Pods-NetworkingSample/Pods-NetworkingSample-frameworks.sh",
				"${BUILT_PRODUCTS_DIR}/Alamofire/Alamofire.framework",
				"${BUILT_PRODUCTS_DIR}/AlamofireObjectMapper/AlamofireObjectMapper.framework",
				"${BUILT_PRODUCTS_DIR}/ObjectMapper/ObjectMapper.framework",
			);
			name = "[CP] Embed Pods Frameworks";
			outputPaths = (
				"${TARGET_BUILD_DIR}/${FRAMEWORKS_FOLDER_PATH}/Alamofire.framework",
				"${TARGET_BUILD_DIR}/${FRAMEWORKS_FOLDER_PATH}/AlamofireObjectMapper.framework",
				"${TARGET_BUILD_DIR}/${FRAMEWORKS_FOLDER_PATH}/ObjectMapper.framework",
			);
			runOnlyForDeploymentPostprocessing = 0;
			shellPath = /bin/sh;
			shellScript = "\"${SRCROOT}/Pods/Target Support Files/Pods-NetworkingSample/Pods-NetworkingSample-frameworks.sh\"\n";
			showEnvVarsInLog = 0;
		};
		7D58C022BDFF6FD11E18A716 /* [CP] Check Pods Manifest.lock */ = {
			isa = PBXShellScriptBuildPhase;
			buildActionMask = 2147483647;
			files = (
			);
			inputPaths = (
				"${PODS_PODFILE_DIR_PATH}/Podfile.lock",
				"${PODS_ROOT}/Manifest.lock",
			);
			name = "[CP] Check Pods Manifest.lock";
			outputPaths = (
				"$(DERIVED_FILE_DIR)/Pods-NetworkingSample-checkManifestLockResult.txt",
			);
			runOnlyForDeploymentPostprocessing = 0;
			shellPath = /bin/sh;
			shellScript = "diff \"${PODS_PODFILE_DIR_PATH}/Podfile.lock\" \"${PODS_ROOT}/Manifest.lock\" > /dev/null\nif [ $? != 0 ] ; then\n    # print error to STDERR\n    echo \"error: The sandbox is not in sync with the Podfile.lock. Run 'pod install' or update your CocoaPods installation.\" >&2\n    exit 1\nfi\n# This output is used by Xcode 'outputs' to avoid re-running this script phase.\necho \"SUCCESS\" > \"${SCRIPT_OUTPUT_FILE_0}\"\n";
			showEnvVarsInLog = 0;
		};
/* End PBXShellScriptBuildPhase section */

/* Begin PBXSourcesBuildPhase section */
		FCE92B522150586C001F9D5D /* Sources */ = {
			isa = PBXSourcesBuildPhase;
			buildActionMask = 2147483647;
			files = (
				FCE92B79215058E8001F9D5D /* Result.swift in Sources */,
				FCE92B78215058E8001F9D5D /* URL.swift in Sources */,
				FCE92B7B215058E8001F9D5D /* APIServices.swift in Sources */,
				FCE92B77215058E8001F9D5D /* APIRouter.swift in Sources */,
				FCE92B5C2150586C001F9D5D /* ViewController.swift in Sources */,
				FCE92B5A2150586C001F9D5D /* AppDelegate.swift in Sources */,
				FCE92B7C215058E8001F9D5D /* APIService.swift in Sources */,
				FCE92B7A215058E8001F9D5D /* User.swift in Sources */,
			);
			runOnlyForDeploymentPostprocessing = 0;
		};
/* End PBXSourcesBuildPhase section */

/* Begin PBXVariantGroup section */
		FCE92B5D2150586C001F9D5D /* Main.storyboard */ = {
			isa = PBXVariantGroup;
			children = (
				FCE92B5E2150586C001F9D5D /* Base */,
			);
			name = Main.storyboard;
			sourceTree = "<group>";
		};
		FCE92B622150586E001F9D5D /* LaunchScreen.storyboard */ = {
			isa = PBXVariantGroup;
			children = (
				FCE92B632150586E001F9D5D /* Base */,
			);
			name = LaunchScreen.storyboard;
			sourceTree = "<group>";
		};
/* End PBXVariantGroup section */

/* Begin XCBuildConfiguration section */
		FCE92B662150586E001F9D5D /* Debug */ = {
			isa = XCBuildConfiguration;
			buildSettings = {
				ALWAYS_SEARCH_USER_PATHS = NO;
				CLANG_ANALYZER_NONNULL = YES;
				CLANG_ANALYZER_NUMBER_OBJECT_CONVERSION = YES_AGGRESSIVE;
				CLANG_CXX_LANGUAGE_STANDARD = "gnu++14";
				CLANG_CXX_LIBRARY = "libc++";
				CLANG_ENABLE_MODULES = YES;
				CLANG_ENABLE_OBJC_ARC = YES;
				CLANG_ENABLE_OBJC_WEAK = YES;
				CLANG_WARN_BLOCK_CAPTURE_AUTORELEASING = YES;
				CLANG_WARN_BOOL_CONVERSION = YES;
				CLANG_WARN_COMMA = YES;
				CLANG_WARN_CONSTANT_CONVERSION = YES;
				CLANG_WARN_DEPRECATED_OBJC_IMPLEMENTATIONS = YES;
				CLANG_WARN_DIRECT_OBJC_ISA_USAGE = YES_ERROR;
				CLANG_WARN_DOCUMENTATION_COMMENTS = YES;
				CLANG_WARN_EMPTY_BODY = YES;
				CLANG_WARN_ENUM_CONVERSION = YES;
				CLANG_WARN_INFINITE_RECURSION = YES;
				CLANG_WARN_INT_CONVERSION = YES;
				CLANG_WARN_NON_LITERAL_NULL_CONVERSION = YES;
				CLANG_WARN_OBJC_IMPLICIT_RETAIN_SELF = YES;
				CLANG_WARN_OBJC_LITERAL_CONVERSION = YES;
				CLANG_WARN_OBJC_ROOT_CLASS = YES_ERROR;
				CLANG_WARN_RANGE_LOOP_ANALYSIS = YES;
				CLANG_WARN_STRICT_PROTOTYPES = YES;
				CLANG_WARN_SUSPICIOUS_MOVE = YES;
				CLANG_WARN_UNGUARDED_AVAILABILITY = YES_AGGRESSIVE;
				CLANG_WARN_UNREACHABLE_CODE = YES;
				CLANG_WARN__DUPLICATE_METHOD_MATCH = YES;
				CODE_SIGN_IDENTITY = "iPhone Developer";
				COPY_PHASE_STRIP = NO;
				DEBUG_INFORMATION_FORMAT = dwarf;
				ENABLE_STRICT_OBJC_MSGSEND = YES;
				ENABLE_TESTABILITY = YES;
				GCC_C_LANGUAGE_STANDARD = gnu11;
				GCC_DYNAMIC_NO_PIC = NO;
				GCC_NO_COMMON_BLOCKS = YES;
				GCC_OPTIMIZATION_LEVEL = 0;
				GCC_PREPROCESSOR_DEFINITIONS = (
					"DEBUG=1",
					"$(inherited)",
				);
				GCC_WARN_64_TO_32_BIT_CONVERSION = YES;
				GCC_WARN_ABOUT_RETURN_TYPE = YES_ERROR;
				GCC_WARN_UNDECLARED_SELECTOR = YES;
				GCC_WARN_UNINITIALIZED_AUTOS = YES_AGGRESSIVE;
				GCC_WARN_UNUSED_FUNCTION = YES;
				GCC_WARN_UNUSED_VARIABLE = YES;
				IPHONEOS_DEPLOYMENT_TARGET = 11.4;
				MTL_ENABLE_DEBUG_INFO = YES;
				ONLY_ACTIVE_ARCH = YES;
				SDKROOT = iphoneos;
				SWIFT_ACTIVE_COMPILATION_CONDITIONS = DEBUG;
				SWIFT_OPTIMIZATION_LEVEL = "-Onone";
			};
			name = Debug;
		};
		FCE92B672150586E001F9D5D /* Release */ = {
			isa = XCBuildConfiguration;
			buildSettings = {
				ALWAYS_SEARCH_USER_PATHS = NO;
				CLANG_ANALYZER_NONNULL = YES;
				CLANG_ANALYZER_NUMBER_OBJECT_CONVERSION = YES_AGGRESSIVE;
				CLANG_CXX_LANGUAGE_STANDARD = "gnu++14";
				CLANG_CXX_LIBRARY = "libc++";
				CLANG_ENABLE_MODULES = YES;
				CLANG_ENABLE_OBJC_ARC = YES;
				CLANG_ENABLE_OBJC_WEAK = YES;
				CLANG_WARN_BLOCK_CAPTURE_AUTORELEASING = YES;
				CLANG_WARN_BOOL_CONVERSION = YES;
				CLANG_WARN_COMMA = YES;
				CLANG_WARN_CONSTANT_CONVERSION = YES;
				CLANG_WARN_DEPRECATED_OBJC_IMPLEMENTATIONS = YES;
				CLANG_WARN_DIRECT_OBJC_ISA_USAGE = YES_ERROR;
				CLANG_WARN_DOCUMENTATION_COMMENTS = YES;
				CLANG_WARN_EMPTY_BODY = YES;
				CLANG_WARN_ENUM_CONVERSION = YES;
				CLANG_WARN_INFINITE_RECURSION = YES;
				CLANG_WARN_INT_CONVERSION = YES;
				CLANG_WARN_NON_LITERAL_NULL_CONVERSION = YES;
				CLANG_WARN_OBJC_IMPLICIT_RETAIN_SELF = YES;
				CLANG_WARN_OBJC_LITERAL_CONVERSION = YES;
				CLANG_WARN_OBJC_ROOT_CLASS = YES_ERROR;
				CLANG_WARN_RANGE_LOOP_ANALYSIS = YES;
				CLANG_WARN_STRICT_PROTOTYPES = YES;
				CLANG_WARN_SUSPICIOUS_MOVE = YES;
				CLANG_WARN_UNGUARDED_AVAILABILITY = YES_AGGRESSIVE;
				CLANG_WARN_UNREACHABLE_CODE = YES;
				CLANG_WARN__DUPLICATE_METHOD_MATCH = YES;
				CODE_SIGN_IDENTITY = "iPhone Developer";
				COPY_PHASE_STRIP = NO;
				DEBUG_INFORMATION_FORMAT = "dwarf-with-dsym";
				ENABLE_NS_ASSERTIONS = NO;
				ENABLE_STRICT_OBJC_MSGSEND = YES;
				GCC_C_LANGUAGE_STANDARD = gnu11;
				GCC_NO_COMMON_BLOCKS = YES;
				GCC_WARN_64_TO_32_BIT_CONVERSION = YES;
				GCC_WARN_ABOUT_RETURN_TYPE = YES_ERROR;
				GCC_WARN_UNDECLARED_SELECTOR = YES;
				GCC_WARN_UNINITIALIZED_AUTOS = YES_AGGRESSIVE;
				GCC_WARN_UNUSED_FUNCTION = YES;
				GCC_WARN_UNUSED_VARIABLE = YES;
				IPHONEOS_DEPLOYMENT_TARGET = 11.4;
				MTL_ENABLE_DEBUG_INFO = NO;
				SDKROOT = iphoneos;
				SWIFT_COMPILATION_MODE = wholemodule;
				SWIFT_OPTIMIZATION_LEVEL = "-O";
				VALIDATE_PRODUCT = YES;
			};
			name = Release;
		};
		FCE92B692150586E001F9D5D /* Debug */ = {
			isa = XCBuildConfiguration;
			baseConfigurationReference = 34FD26CF29522E6BB6382A08 /* Pods-NetworkingSample.debug.xcconfig */;
			buildSettings = {
				ASSETCATALOG_COMPILER_APPICON_NAME = AppIcon;
				CODE_SIGN_STYLE = Automatic;
				DEVELOPMENT_TEAM = EPWV8KDDJE;
				INFOPLIST_FILE = NetworkingSample/Info.plist;
				LD_RUNPATH_SEARCH_PATHS = (
					"$(inherited)",
					"@executable_path/Frameworks",
				);
				PRODUCT_BUNDLE_IDENTIFIER = com.LeeGwangYong.NetworkingSample;
				PRODUCT_NAME = "$(TARGET_NAME)";
				SWIFT_VERSION = 4.0;
				TARGETED_DEVICE_FAMILY = "1,2";
			};
			name = Debug;
		};
		FCE92B6A2150586E001F9D5D /* Release */ = {
			isa = XCBuildConfiguration;
			baseConfigurationReference = 7AAC9C51BC7F460BA6B52E33 /* Pods-NetworkingSample.release.xcconfig */;
			buildSettings = {
				ASSETCATALOG_COMPILER_APPICON_NAME = AppIcon;
				CODE_SIGN_STYLE = Automatic;
				DEVELOPMENT_TEAM = EPWV8KDDJE;
				INFOPLIST_FILE = NetworkingSample/Info.plist;
				LD_RUNPATH_SEARCH_PATHS = (
					"$(inherited)",
					"@executable_path/Frameworks",
				);
				PRODUCT_BUNDLE_IDENTIFIER = com.LeeGwangYong.NetworkingSample;
				PRODUCT_NAME = "$(TARGET_NAME)";
				SWIFT_VERSION = 4.0;
				TARGETED_DEVICE_FAMILY = "1,2";
			};
			name = Release;
		};
/* End XCBuildConfiguration section */

/* Begin XCConfigurationList section */
		FCE92B512150586C001F9D5D /* Build configuration list for PBXProject "NetworkingSample" */ = {
			isa = XCConfigurationList;
			buildConfigurations = (
				FCE92B662150586E001F9D5D /* Debug */,
				FCE92B672150586E001F9D5D /* Release */,
			);
			defaultConfigurationIsVisible = 0;
			defaultConfigurationName = Release;
		};
		FCE92B682150586E001F9D5D /* Build configuration list for PBXNativeTarget "NetworkingSample" */ = {
			isa = XCConfigurationList;
			buildConfigurations = (
				FCE92B692150586E001F9D5D /* Debug */,
				FCE92B6A2150586E001F9D5D /* Release */,
			);
			defaultConfigurationIsVisible = 0;
			defaultConfigurationName = Release;
		};
/* End XCConfigurationList section */
	};
	rootObject = FCE92B4E2150586C001F9D5D /* Project object */;
}
