// !$*UTF8*$!
{
	archiveVersion = 1;
	classes = {
	};
	objectVersion = 48;
	objects = {

/* Begin PBXBuildFile section */
		3A63CD775CE8AD34EDB38CC5 /* Pods_SOPT_Week6.framework in Frameworks */ = {isa = PBXBuildFile; fileRef = D8CD4FA2A9AA26A989E76817 /* Pods_SOPT_Week6.framework */; };
		FCD6EAEB1FC931FD00D9BD8E /* AppDelegate.swift in Sources */ = {isa = PBXBuildFile; fileRef = FCD6EAEA1FC931FD00D9BD8E /* AppDelegate.swift */; };
		FCD6EAF01FC931FD00D9BD8E /* Main.storyboard in Resources */ = {isa = PBXBuildFile; fileRef = FCD6EAEE1FC931FD00D9BD8E /* Main.storyboard */; };
		FCD6EAF21FC931FD00D9BD8E /* Assets.xcassets in Resources */ = {isa = PBXBuildFile; fileRef = FCD6EAF11FC931FD00D9BD8E /* Assets.xcassets */; };
		FCD6EAF51FC931FD00D9BD8E /* LaunchScreen.storyboard in Resources */ = {isa = PBXBuildFile; fileRef = FCD6EAF31FC931FD00D9BD8E /* LaunchScreen.storyboard */; };
		FCD6EB031FC934AF00D9BD8E /* BaseViewController.swift in Sources */ = {isa = PBXBuildFile; fileRef = FCD6EB021FC934AF00D9BD8E /* BaseViewController.swift */; };
		FCD6EB061FC9350600D9BD8E /* StockViewController.swift in Sources */ = {isa = PBXBuildFile; fileRef = FCD6EB051FC9350600D9BD8E /* StockViewController.swift */; };
		FCD6EB0A1FC9375F00D9BD8E /* Stock.swift in Sources */ = {isa = PBXBuildFile; fileRef = FCD6EB091FC9375F00D9BD8E /* Stock.swift */; };
		FCD6EB0C1FC937D000D9BD8E /* SearchStockService.swift in Sources */ = {isa = PBXBuildFile; fileRef = FCD6EB0B1FC937D000D9BD8E /* SearchStockService.swift */; };
		FCD6EB0E1FC9444800D9BD8E /* StockManager.swift in Sources */ = {isa = PBXBuildFile; fileRef = FCD6EB0D1FC9444700D9BD8E /* StockManager.swift */; };
		FCD6EB101FC94F1900D9BD8E /* ChatViewController.swift in Sources */ = {isa = PBXBuildFile; fileRef = FCD6EB0F1FC94F1900D9BD8E /* ChatViewController.swift */; };
		FCD6EB131FC94F5D00D9BD8E /* MyChatTableViewCell.swift in Sources */ = {isa = PBXBuildFile; fileRef = FCD6EB111FC94F5D00D9BD8E /* MyChatTableViewCell.swift */; };
		FCD6EB141FC94F5D00D9BD8E /* MyChatTableViewCell.xib in Resources */ = {isa = PBXBuildFile; fileRef = FCD6EB121FC94F5D00D9BD8E /* MyChatTableViewCell.xib */; };
		FCD6EB171FC94F6B00D9BD8E /* YourChatTableViewCell.swift in Sources */ = {isa = PBXBuildFile; fileRef = FCD6EB151FC94F6B00D9BD8E /* YourChatTableViewCell.swift */; };
		FCD6EB181FC94F6B00D9BD8E /* YourChatTableViewCell.xib in Resources */ = {isa = PBXBuildFile; fileRef = FCD6EB161FC94F6B00D9BD8E /* YourChatTableViewCell.xib */; };
/* End PBXBuildFile section */

/* Begin PBXFileReference section */
		88EA34DE164C4E9ADDEA9852 /* Pods-SOPT_Week6.release.xcconfig */ = {isa = PBXFileReference; includeInIndex = 1; lastKnownFileType = text.xcconfig; name = "Pods-SOPT_Week6.release.xcconfig"; path = "Pods/Target Support Files/Pods-SOPT_Week6/Pods-SOPT_Week6.release.xcconfig"; sourceTree = "<group>"; };
		D8CD4FA2A9AA26A989E76817 /* Pods_SOPT_Week6.framework */ = {isa = PBXFileReference; explicitFileType = wrapper.framework; includeInIndex = 0; path = Pods_SOPT_Week6.framework; sourceTree = BUILT_PRODUCTS_DIR; };
		DD767392C0365AA41E002090 /* Pods-SOPT_Week6.debug.xcconfig */ = {isa = PBXFileReference; includeInIndex = 1; lastKnownFileType = text.xcconfig; name = "Pods-SOPT_Week6.debug.xcconfig"; path = "Pods/Target Support Files/Pods-SOPT_Week6/Pods-SOPT_Week6.debug.xcconfig"; sourceTree = "<group>"; };
		FCD6EAE71FC931FD00D9BD8E /* SOPT_Week6.app */ = {isa = PBXFileReference; explicitFileType = wrapper.application; includeInIndex = 0; path = SOPT_Week6.app; sourceTree = BUILT_PRODUCTS_DIR; };
		FCD6EAEA1FC931FD00D9BD8E /* AppDelegate.swift */ = {isa = PBXFileReference; lastKnownFileType = sourcecode.swift; path = AppDelegate.swift; sourceTree = "<group>"; };
		FCD6EAEF1FC931FD00D9BD8E /* Base */ = {isa = PBXFileReference; lastKnownFileType = file.storyboard; name = Base; path = Base.lproj/Main.storyboard; sourceTree = "<group>"; };
		FCD6EAF11FC931FD00D9BD8E /* Assets.xcassets */ = {isa = PBXFileReference; lastKnownFileType = folder.assetcatalog; path = Assets.xcassets; sourceTree = "<group>"; };
		FCD6EAF41FC931FD00D9BD8E /* Base */ = {isa = PBXFileReference; lastKnownFileType = file.storyboard; name = Base; path = Base.lproj/LaunchScreen.storyboard; sourceTree = "<group>"; };
		FCD6EAF61FC931FD00D9BD8E /* Info.plist */ = {isa = PBXFileReference; lastKnownFileType = text.plist.xml; path = Info.plist; sourceTree = "<group>"; };
		FCD6EB021FC934AF00D9BD8E /* BaseViewController.swift */ = {isa = PBXFileReference; lastKnownFileType = sourcecode.swift; path = BaseViewController.swift; sourceTree = "<group>"; };
		FCD6EB051FC9350600D9BD8E /* StockViewController.swift */ = {isa = PBXFileReference; lastKnownFileType = sourcecode.swift; path = StockViewController.swift; sourceTree = "<group>"; };
		FCD6EB091FC9375F00D9BD8E /* Stock.swift */ = {isa = PBXFileReference; lastKnownFileType = sourcecode.swift; path = Stock.swift; sourceTree = "<group>"; };
		FCD6EB0B1FC937D000D9BD8E /* SearchStockService.swift */ = {isa = PBXFileReference; lastKnownFileType = sourcecode.swift; path = SearchStockService.swift; sourceTree = "<group>"; };
		FCD6EB0D1FC9444700D9BD8E /* StockManager.swift */ = {isa = PBXFileReference; lastKnownFileType = sourcecode.swift; path = StockManager.swift; sourceTree = "<group>"; };
		FCD6EB0F1FC94F1900D9BD8E /* ChatViewController.swift */ = {isa = PBXFileReference; lastKnownFileType = sourcecode.swift; path = ChatViewController.swift; sourceTree = "<group>"; };
		FCD6EB111FC94F5D00D9BD8E /* MyChatTableViewCell.swift */ = {isa = PBXFileReference; lastKnownFileType = sourcecode.swift; path = MyChatTableViewCell.swift; sourceTree = "<group>"; };
		FCD6EB121FC94F5D00D9BD8E /* MyChatTableViewCell.xib */ = {isa = PBXFileReference; lastKnownFileType = file.xib; path = MyChatTableViewCell.xib; sourceTree = "<group>"; };
		FCD6EB151FC94F6B00D9BD8E /* YourChatTableViewCell.swift */ = {isa = PBXFileReference; lastKnownFileType = sourcecode.swift; path = YourChatTableViewCell.swift; sourceTree = "<group>"; };
		FCD6EB161FC94F6B00D9BD8E /* YourChatTableViewCell.xib */ = {isa = PBXFileReference; lastKnownFileType = file.xib; path = YourChatTableViewCell.xib; sourceTree = "<group>"; };
/* End PBXFileReference section */

/* Begin PBXFrameworksBuildPhase section */
		FCD6EAE41FC931FD00D9BD8E /* Frameworks */ = {
			isa = PBXFrameworksBuildPhase;
			buildActionMask = 2147483647;
			files = (
				3A63CD775CE8AD34EDB38CC5 /* Pods_SOPT_Week6.framework in Frameworks */,
			);
			runOnlyForDeploymentPostprocessing = 0;
		};
/* End PBXFrameworksBuildPhase section */

/* Begin PBXGroup section */
		370A15748021A78E04915F9B /* Pods */ = {
			isa = PBXGroup;
			children = (
				DD767392C0365AA41E002090 /* Pods-SOPT_Week6.debug.xcconfig */,
				88EA34DE164C4E9ADDEA9852 /* Pods-SOPT_Week6.release.xcconfig */,
			);
			name = Pods;
			sourceTree = "<group>";
		};
		FA5D64AFBF71D589EB6E4499 /* Frameworks */ = {
			isa = PBXGroup;
			children = (
				D8CD4FA2A9AA26A989E76817 /* Pods_SOPT_Week6.framework */,
			);
			name = Frameworks;
			sourceTree = "<group>";
		};
		FCD6EADE1FC931FC00D9BD8E = {
			isa = PBXGroup;
			children = (
				FCD6EAE91FC931FD00D9BD8E /* SOPT_Week6 */,
				FCD6EAE81FC931FD00D9BD8E /* Products */,
				370A15748021A78E04915F9B /* Pods */,
				FA5D64AFBF71D589EB6E4499 /* Frameworks */,
			);
			sourceTree = "<group>";
		};
		FCD6EAE81FC931FD00D9BD8E /* Products */ = {
			isa = PBXGroup;
			children = (
				FCD6EAE71FC931FD00D9BD8E /* SOPT_Week6.app */,
			);
			name = Products;
			sourceTree = "<group>";
		};
		FCD6EAE91FC931FD00D9BD8E /* SOPT_Week6 */ = {
			isa = PBXGroup;
			children = (
				FCD6EAEA1FC931FD00D9BD8E /* AppDelegate.swift */,
				FCD6EAF61FC931FD00D9BD8E /* Info.plist */,
				FCD6EB081FC9359200D9BD8E /* Resource */,
				FCD6EB071FC9358600D9BD8E /* SupportingFile */,
				FCD6EB011FC9347C00D9BD8E /* Service */,
				FCD6EB001FC9346200D9BD8E /* Model */,
				FCD6EAFF1FC9345D00D9BD8E /* Cell */,
				FCD6EAFD1FC9345300D9BD8E /* ViewController */,
				FCD6EAFC1FC9343900D9BD8E /* Storyboard */,
			);
			path = SOPT_Week6;
			sourceTree = "<group>";
		};
		FCD6EAFC1FC9343900D9BD8E /* Storyboard */ = {
			isa = PBXGroup;
			children = (
				FCD6EAEE1FC931FD00D9BD8E /* Main.storyboard */,
			);
			path = Storyboard;
			sourceTree = "<group>";
		};
		FCD6EAFD1FC9345300D9BD8E /* ViewController */ = {
			isa = PBXGroup;
			children = (
				FCD6EB021FC934AF00D9BD8E /* BaseViewController.swift */,
				FCD6EB051FC9350600D9BD8E /* StockViewController.swift */,
				FCD6EB0F1FC94F1900D9BD8E /* ChatViewController.swift */,
			);
			path = ViewController;
			sourceTree = "<group>";
		};
		FCD6EAFF1FC9345D00D9BD8E /* Cell */ = {
			isa = PBXGroup;
			children = (
				FCD6EB111FC94F5D00D9BD8E /* MyChatTableViewCell.swift */,
				FCD6EB121FC94F5D00D9BD8E /* MyChatTableViewCell.xib */,
				FCD6EB151FC94F6B00D9BD8E /* YourChatTableViewCell.swift */,
				FCD6EB161FC94F6B00D9BD8E /* YourChatTableViewCell.xib */,
			);
			path = Cell;
			sourceTree = "<group>";
		};
		FCD6EB001FC9346200D9BD8E /* Model */ = {
			isa = PBXGroup;
			children = (
				FCD6EB091FC9375F00D9BD8E /* Stock.swift */,
				FCD6EB0D1FC9444700D9BD8E /* StockManager.swift */,
			);
			path = Model;
			sourceTree = "<group>";
		};
		FCD6EB011FC9347C00D9BD8E /* Service */ = {
			isa = PBXGroup;
			children = (
				FCD6EB0B1FC937D000D9BD8E /* SearchStockService.swift */,
			);
			path = Service;
			sourceTree = "<group>";
		};
		FCD6EB071FC9358600D9BD8E /* SupportingFile */ = {
			isa = PBXGroup;
			children = (
				FCD6EAF31FC931FD00D9BD8E /* LaunchScreen.storyboard */,
			);
			path = SupportingFile;
			sourceTree = "<group>";
		};
		FCD6EB081FC9359200D9BD8E /* Resource */ = {
			isa = PBXGroup;
			children = (
				FCD6EAF11FC931FD00D9BD8E /* Assets.xcassets */,
			);
			path = Resource;
			sourceTree = "<group>";
		};
/* End PBXGroup section */

/* Begin PBXNativeTarget section */
		FCD6EAE61FC931FD00D9BD8E /* SOPT_Week6 */ = {
			isa = PBXNativeTarget;
			buildConfigurationList = FCD6EAF91FC931FD00D9BD8E /* Build configuration list for PBXNativeTarget "SOPT_Week6" */;
			buildPhases = (
				B7A122ECE1264C5033510D8E /* [CP] Check Pods Manifest.lock */,
				FCD6EAE31FC931FD00D9BD8E /* Sources */,
				FCD6EAE41FC931FD00D9BD8E /* Frameworks */,
				FCD6EAE51FC931FD00D9BD8E /* Resources */,
				8009C149D153CBB6AE6C912A /* [CP] Embed Pods Frameworks */,
				90A151860468195BAB57EFAA /* [CP] Copy Pods Resources */,
			);
			buildRules = (
			);
			dependencies = (
			);
			name = SOPT_Week6;
			productName = SOPT_Week6;
			productReference = FCD6EAE71FC931FD00D9BD8E /* SOPT_Week6.app */;
			productType = "com.apple.product-type.application";
		};
/* End PBXNativeTarget section */

/* Begin PBXProject section */
		FCD6EADF1FC931FC00D9BD8E /* Project object */ = {
			isa = PBXProject;
			attributes = {
				LastSwiftUpdateCheck = 0910;
				LastUpgradeCheck = 0910;
				ORGANIZATIONNAME = "이광용";
				TargetAttributes = {
					FCD6EAE61FC931FD00D9BD8E = {
						CreatedOnToolsVersion = 9.1;
						ProvisioningStyle = Automatic;
					};
				};
			};
			buildConfigurationList = FCD6EAE21FC931FC00D9BD8E /* Build configuration list for PBXProject "SOPT_Week6" */;
			compatibilityVersion = "Xcode 8.0";
			developmentRegion = en;
			hasScannedForEncodings = 0;
			knownRegions = (
				en,
				Base,
			);
			mainGroup = FCD6EADE1FC931FC00D9BD8E;
			productRefGroup = FCD6EAE81FC931FD00D9BD8E /* Products */;
			projectDirPath = "";
			projectRoot = "";
			targets = (
				FCD6EAE61FC931FD00D9BD8E /* SOPT_Week6 */,
			);
		};
/* End PBXProject section */

/* Begin PBXResourcesBuildPhase section */
		FCD6EAE51FC931FD00D9BD8E /* Resources */ = {
			isa = PBXResourcesBuildPhase;
			buildActionMask = 2147483647;
			files = (
				FCD6EB181FC94F6B00D9BD8E /* YourChatTableViewCell.xib in Resources */,
				FCD6EAF51FC931FD00D9BD8E /* LaunchScreen.storyboard in Resources */,
				FCD6EB141FC94F5D00D9BD8E /* MyChatTableViewCell.xib in Resources */,
				FCD6EAF21FC931FD00D9BD8E /* Assets.xcassets in Resources */,
				FCD6EAF01FC931FD00D9BD8E /* Main.storyboard in Resources */,
			);
			runOnlyForDeploymentPostprocessing = 0;
		};
/* End PBXResourcesBuildPhase section */

/* Begin PBXShellScriptBuildPhase section */
		8009C149D153CBB6AE6C912A /* [CP] Embed Pods Frameworks */ = {
			isa = PBXShellScriptBuildPhase;
			buildActionMask = 2147483647;
			files = (
			);
			inputPaths = (
				"${SRCROOT}/Pods/Target Support Files/Pods-SOPT_Week6/Pods-SOPT_Week6-frameworks.sh",
				"${BUILT_PRODUCTS_DIR}/Alamofire/Alamofire.framework",
				"${BUILT_PRODUCTS_DIR}/Kanna/Kanna.framework",
			);
			name = "[CP] Embed Pods Frameworks";
			outputPaths = (
				"${TARGET_BUILD_DIR}/${FRAMEWORKS_FOLDER_PATH}/Alamofire.framework",
				"${TARGET_BUILD_DIR}/${FRAMEWORKS_FOLDER_PATH}/Kanna.framework",
			);
			runOnlyForDeploymentPostprocessing = 0;
			shellPath = /bin/sh;
			shellScript = "\"${SRCROOT}/Pods/Target Support Files/Pods-SOPT_Week6/Pods-SOPT_Week6-frameworks.sh\"\n";
			showEnvVarsInLog = 0;
		};
		90A151860468195BAB57EFAA /* [CP] Copy Pods Resources */ = {
			isa = PBXShellScriptBuildPhase;
			buildActionMask = 2147483647;
			files = (
			);
			inputPaths = (
			);
			name = "[CP] Copy Pods Resources";
			outputPaths = (
			);
			runOnlyForDeploymentPostprocessing = 0;
			shellPath = /bin/sh;
			shellScript = "\"${SRCROOT}/Pods/Target Support Files/Pods-SOPT_Week6/Pods-SOPT_Week6-resources.sh\"\n";
			showEnvVarsInLog = 0;
		};
		B7A122ECE1264C5033510D8E /* [CP] Check Pods Manifest.lock */ = {
			isa = PBXShellScriptBuildPhase;
			buildActionMask = 2147483647;
			files = (
			);
			inputPaths = (
				"${PODS_PODFILE_DIR_PATH}/Podfile.lock",
				"${PODS_ROOT}/Manifest.lock",
			);
			name = "[CP] Check Pods Manifest.lock";
			outputPaths = (
				"$(DERIVED_FILE_DIR)/Pods-SOPT_Week6-checkManifestLockResult.txt",
			);
			runOnlyForDeploymentPostprocessing = 0;
			shellPath = /bin/sh;
			shellScript = "diff \"${PODS_PODFILE_DIR_PATH}/Podfile.lock\" \"${PODS_ROOT}/Manifest.lock\" > /dev/null\nif [ $? != 0 ] ; then\n    # print error to STDERR\n    echo \"error: The sandbox is not in sync with the Podfile.lock. Run 'pod install' or update your CocoaPods installation.\" >&2\n    exit 1\nfi\n# This output is used by Xcode 'outputs' to avoid re-running this script phase.\necho \"SUCCESS\" > \"${SCRIPT_OUTPUT_FILE_0}\"\n";
			showEnvVarsInLog = 0;
		};
/* End PBXShellScriptBuildPhase section */

/* Begin PBXSourcesBuildPhase section */
		FCD6EAE31FC931FD00D9BD8E /* Sources */ = {
			isa = PBXSourcesBuildPhase;
			buildActionMask = 2147483647;
			files = (
				FCD6EAEB1FC931FD00D9BD8E /* AppDelegate.swift in Sources */,
				FCD6EB171FC94F6B00D9BD8E /* YourChatTableViewCell.swift in Sources */,
				FCD6EB061FC9350600D9BD8E /* StockViewController.swift in Sources */,
				FCD6EB0E1FC9444800D9BD8E /* StockManager.swift in Sources */,
				FCD6EB101FC94F1900D9BD8E /* ChatViewController.swift in Sources */,
				FCD6EB0A1FC9375F00D9BD8E /* Stock.swift in Sources */,
				FCD6EB131FC94F5D00D9BD8E /* MyChatTableViewCell.swift in Sources */,
				FCD6EB0C1FC937D000D9BD8E /* SearchStockService.swift in Sources */,
				FCD6EB031FC934AF00D9BD8E /* BaseViewController.swift in Sources */,
			);
			runOnlyForDeploymentPostprocessing = 0;
		};
/* End PBXSourcesBuildPhase section */

/* Begin PBXVariantGroup section */
		FCD6EAEE1FC931FD00D9BD8E /* Main.storyboard */ = {
			isa = PBXVariantGroup;
			children = (
				FCD6EAEF1FC931FD00D9BD8E /* Base */,
			);
			name = Main.storyboard;
			sourceTree = "<group>";
		};
		FCD6EAF31FC931FD00D9BD8E /* LaunchScreen.storyboard */ = {
			isa = PBXVariantGroup;
			children = (
				FCD6EAF41FC931FD00D9BD8E /* Base */,
			);
			name = LaunchScreen.storyboard;
			sourceTree = "<group>";
		};
/* End PBXVariantGroup section */

/* Begin XCBuildConfiguration section */
		FCD6EAF71FC931FD00D9BD8E /* Debug */ = {
			isa = XCBuildConfiguration;
			buildSettings = {
				ALWAYS_SEARCH_USER_PATHS = NO;
				CLANG_ANALYZER_NONNULL = YES;
				CLANG_ANALYZER_NUMBER_OBJECT_CONVERSION = YES_AGGRESSIVE;
				CLANG_CXX_LANGUAGE_STANDARD = "gnu++14";
				CLANG_CXX_LIBRARY = "libc++";
				CLANG_ENABLE_MODULES = YES;
				CLANG_ENABLE_OBJC_ARC = YES;
				CLANG_WARN_BLOCK_CAPTURE_AUTORELEASING = YES;
				CLANG_WARN_BOOL_CONVERSION = YES;
				CLANG_WARN_COMMA = YES;
				CLANG_WARN_CONSTANT_CONVERSION = YES;
				CLANG_WARN_DIRECT_OBJC_ISA_USAGE = YES_ERROR;
				CLANG_WARN_DOCUMENTATION_COMMENTS = YES;
				CLANG_WARN_EMPTY_BODY = YES;
				CLANG_WARN_ENUM_CONVERSION = YES;
				CLANG_WARN_INFINITE_RECURSION = YES;
				CLANG_WARN_INT_CONVERSION = YES;
				CLANG_WARN_NON_LITERAL_NULL_CONVERSION = YES;
				CLANG_WARN_OBJC_LITERAL_CONVERSION = YES;
				CLANG_WARN_OBJC_ROOT_CLASS = YES_ERROR;
				CLANG_WARN_RANGE_LOOP_ANALYSIS = YES;
				CLANG_WARN_STRICT_PROTOTYPES = YES;
				CLANG_WARN_SUSPICIOUS_MOVE = YES;
				CLANG_WARN_UNGUARDED_AVAILABILITY = YES_AGGRESSIVE;
				CLANG_WARN_UNREACHABLE_CODE = YES;
				CLANG_WARN__DUPLICATE_METHOD_MATCH = YES;
				CODE_SIGN_IDENTITY = "iPhone Developer";
				COPY_PHASE_STRIP = NO;
				DEBUG_INFORMATION_FORMAT = dwarf;
				ENABLE_STRICT_OBJC_MSGSEND = YES;
				ENABLE_TESTABILITY = YES;
				GCC_C_LANGUAGE_STANDARD = gnu11;
				GCC_DYNAMIC_NO_PIC = NO;
				GCC_NO_COMMON_BLOCKS = YES;
				GCC_OPTIMIZATION_LEVEL = 0;
				GCC_PREPROCESSOR_DEFINITIONS = (
					"DEBUG=1",
					"$(inherited)",
				);
				GCC_WARN_64_TO_32_BIT_CONVERSION = YES;
				GCC_WARN_ABOUT_RETURN_TYPE = YES_ERROR;
				GCC_WARN_UNDECLARED_SELECTOR = YES;
				GCC_WARN_UNINITIALIZED_AUTOS = YES_AGGRESSIVE;
				GCC_WARN_UNUSED_FUNCTION = YES;
				GCC_WARN_UNUSED_VARIABLE = YES;
				IPHONEOS_DEPLOYMENT_TARGET = 9.0;
				MTL_ENABLE_DEBUG_INFO = YES;
				ONLY_ACTIVE_ARCH = YES;
				SDKROOT = iphoneos;
				SWIFT_ACTIVE_COMPILATION_CONDITIONS = DEBUG;
				SWIFT_OPTIMIZATION_LEVEL = "-Onone";
			};
			name = Debug;
		};
		FCD6EAF81FC931FD00D9BD8E /* Release */ = {
			isa = XCBuildConfiguration;
			buildSettings = {
				ALWAYS_SEARCH_USER_PATHS = NO;
				CLANG_ANALYZER_NONNULL = YES;
				CLANG_ANALYZER_NUMBER_OBJECT_CONVERSION = YES_AGGRESSIVE;
				CLANG_CXX_LANGUAGE_STANDARD = "gnu++14";
				CLANG_CXX_LIBRARY = "libc++";
				CLANG_ENABLE_MODULES = YES;
				CLANG_ENABLE_OBJC_ARC = YES;
				CLANG_WARN_BLOCK_CAPTURE_AUTORELEASING = YES;
				CLANG_WARN_BOOL_CONVERSION = YES;
				CLANG_WARN_COMMA = YES;
				CLANG_WARN_CONSTANT_CONVERSION = YES;
				CLANG_WARN_DIRECT_OBJC_ISA_USAGE = YES_ERROR;
				CLANG_WARN_DOCUMENTATION_COMMENTS = YES;
				CLANG_WARN_EMPTY_BODY = YES;
				CLANG_WARN_ENUM_CONVERSION = YES;
				CLANG_WARN_INFINITE_RECURSION = YES;
				CLANG_WARN_INT_CONVERSION = YES;
				CLANG_WARN_NON_LITERAL_NULL_CONVERSION = YES;
				CLANG_WARN_OBJC_LITERAL_CONVERSION = YES;
				CLANG_WARN_OBJC_ROOT_CLASS = YES_ERROR;
				CLANG_WARN_RANGE_LOOP_ANALYSIS = YES;
				CLANG_WARN_STRICT_PROTOTYPES = YES;
				CLANG_WARN_SUSPICIOUS_MOVE = YES;
				CLANG_WARN_UNGUARDED_AVAILABILITY = YES_AGGRESSIVE;
				CLANG_WARN_UNREACHABLE_CODE = YES;
				CLANG_WARN__DUPLICATE_METHOD_MATCH = YES;
				CODE_SIGN_IDENTITY = "iPhone Developer";
				COPY_PHASE_STRIP = NO;
				DEBUG_INFORMATION_FORMAT = "dwarf-with-dsym";
				ENABLE_NS_ASSERTIONS = NO;
				ENABLE_STRICT_OBJC_MSGSEND = YES;
				GCC_C_LANGUAGE_STANDARD = gnu11;
				GCC_NO_COMMON_BLOCKS = YES;
				GCC_WARN_64_TO_32_BIT_CONVERSION = YES;
				GCC_WARN_ABOUT_RETURN_TYPE = YES_ERROR;
				GCC_WARN_UNDECLARED_SELECTOR = YES;
				GCC_WARN_UNINITIALIZED_AUTOS = YES_AGGRESSIVE;
				GCC_WARN_UNUSED_FUNCTION = YES;
				GCC_WARN_UNUSED_VARIABLE = YES;
				IPHONEOS_DEPLOYMENT_TARGET = 9.0;
				MTL_ENABLE_DEBUG_INFO = NO;
				SDKROOT = iphoneos;
				SWIFT_OPTIMIZATION_LEVEL = "-Owholemodule";
				VALIDATE_PRODUCT = YES;
			};
			name = Release;
		};
		FCD6EAFA1FC931FD00D9BD8E /* Debug */ = {
			isa = XCBuildConfiguration;
			baseConfigurationReference = DD767392C0365AA41E002090 /* Pods-SOPT_Week6.debug.xcconfig */;
			buildSettings = {
				ASSETCATALOG_COMPILER_APPICON_NAME = AppIcon;
				CODE_SIGN_STYLE = Automatic;
				DEVELOPMENT_TEAM = EPWV8KDDJE;
				INFOPLIST_FILE = SOPT_Week6/Info.plist;
				IPHONEOS_DEPLOYMENT_TARGET = 9.0;
				LD_RUNPATH_SEARCH_PATHS = "$(inherited) @executable_path/Frameworks";
				PRODUCT_BUNDLE_IDENTIFIER = "com.rhkdrmfh.SOPT-Week6";
				PRODUCT_NAME = "$(TARGET_NAME)";
				SWIFT_VERSION = 4.0;
				TARGETED_DEVICE_FAMILY = 1;
			};
			name = Debug;
		};
		FCD6EAFB1FC931FD00D9BD8E /* Release */ = {
			isa = XCBuildConfiguration;
			baseConfigurationReference = 88EA34DE164C4E9ADDEA9852 /* Pods-SOPT_Week6.release.xcconfig */;
			buildSettings = {
				ASSETCATALOG_COMPILER_APPICON_NAME = AppIcon;
				CODE_SIGN_STYLE = Automatic;
				DEVELOPMENT_TEAM = EPWV8KDDJE;
				INFOPLIST_FILE = SOPT_Week6/Info.plist;
				IPHONEOS_DEPLOYMENT_TARGET = 9.0;
				LD_RUNPATH_SEARCH_PATHS = "$(inherited) @executable_path/Frameworks";
				PRODUCT_BUNDLE_IDENTIFIER = "com.rhkdrmfh.SOPT-Week6";
				PRODUCT_NAME = "$(TARGET_NAME)";
				SWIFT_VERSION = 4.0;
				TARGETED_DEVICE_FAMILY = 1;
			};
			name = Release;
		};
/* End XCBuildConfiguration section */

/* Begin XCConfigurationList section */
		FCD6EAE21FC931FC00D9BD8E /* Build configuration list for PBXProject "SOPT_Week6" */ = {
			isa = XCConfigurationList;
			buildConfigurations = (
				FCD6EAF71FC931FD00D9BD8E /* Debug */,
				FCD6EAF81FC931FD00D9BD8E /* Release */,
			);
			defaultConfigurationIsVisible = 0;
			defaultConfigurationName = Release;
		};
		FCD6EAF91FC931FD00D9BD8E /* Build configuration list for PBXNativeTarget "SOPT_Week6" */ = {
			isa = XCConfigurationList;
			buildConfigurations = (
				FCD6EAFA1FC931FD00D9BD8E /* Debug */,
				FCD6EAFB1FC931FD00D9BD8E /* Release */,
			);
			defaultConfigurationIsVisible = 0;
			defaultConfigurationName = Release;
		};
/* End XCConfigurationList section */
	};
	rootObject = FCD6EADF1FC931FC00D9BD8E /* Project object */;
}
