PODS:
  - Alamofire (4.5.1)
  - IQKeyboardManagerSwift (5.0.6)
  - Kingfisher (4.2.0)
  - KMPlaceholderTextView (1.3.0)
  - SideMenu (3.1.4)
  - SwiftyJSON (4.0.0)
  - Toast-Swift (2.0.0)

DEPENDENCIES:
  - Alamofire
  - IQKeyboardManagerSwift
  - Kingfisher
  - KMPlaceholderTextView (~> 1.3.0)
  - SideMenu
  - SwiftyJSON
  - Toast-Swift (~> 2.0.0)

SPEC CHECKSUMS:
  Alamofire: 2d95912bf4c34f164fdfc335872e8c312acaea4a
  IQKeyboardManagerSwift: 02bfbb0dff71c66d0ab77d80d25dfce0c3717735
  Kingfisher: 9ee7e788d8ba07c3f21ce0d43f33cec310a4f781
  KMPlaceholderTextView: 2bbcd19a273648a80a61e1e48f9743a24d8930e3
  SideMenu: 99021e70b3f2eee65b5dd88e4274d09031b1221e
  SwiftyJSON: 070dabdcb1beb81b247c65ffa3a79dbbfb3b48aa
  Toast-Swift: 5b2f8f720f7e78e48511f693df1f9c9a6e38a25a

PODFILE CHECKSUM: 773600a68353c9d84a54aa48022f60652fd7f798

COCOAPODS: 1.3.1
